// !$*UTF8*$!
{
	archiveVersion = 1;
	classes = {
	};
	objectVersion = 55;
	objects = {

/* Begin PBXBuildFile section */
		2E28633C274E2B590006F4F0 /* String+.swift in Sources */ = {isa = PBXBuildFile; fileRef = 2E28633B274E2B590006F4F0 /* String+.swift */; };
		2E28634A274E36BB0006F4F0 /* APIParams.swift in Sources */ = {isa = PBXBuildFile; fileRef = 2E286349274E36BB0006F4F0 /* APIParams.swift */; };
		2E28634C274E37D20006F4F0 /* Date+.swift in Sources */ = {isa = PBXBuildFile; fileRef = 2E28634B274E37D20006F4F0 /* Date+.swift */; };
		2E348D5D274B994900F76E20 /* Constant.swift in Sources */ = {isa = PBXBuildFile; fileRef = 2E348D5C274B994900F76E20 /* Constant.swift */; };
		2E4706AC2761DD1C008B5B6B /* BasePageViewController.swift in Sources */ = {isa = PBXBuildFile; fileRef = 2E4706AB2761DD1C008B5B6B /* BasePageViewController.swift */; };
		2E4706AF2761E67A008B5B6B /* UIPageViewController+Rx.swift in Sources */ = {isa = PBXBuildFile; fileRef = 2E4706AE2761E67A008B5B6B /* UIPageViewController+Rx.swift */; };
		2E5F81AF274C9D1F00357CDC /* Error+.swift in Sources */ = {isa = PBXBuildFile; fileRef = 2E5F81AE274C9D1F00357CDC /* Error+.swift */; };
		2E730F1D2758709000AF6FA4 /* BaseTabBarController.swift in Sources */ = {isa = PBXBuildFile; fileRef = 2E730F1C2758709000AF6FA4 /* BaseTabBarController.swift */; };
		2E730F23275873B900AF6FA4 /* DocumentAssembler.swift in Sources */ = {isa = PBXBuildFile; fileRef = 2E730F1E275873B900AF6FA4 /* DocumentAssembler.swift */; };
		2E730F24275873B900AF6FA4 /* DocumentNavigator.swift in Sources */ = {isa = PBXBuildFile; fileRef = 2E730F1F275873B900AF6FA4 /* DocumentNavigator.swift */; };
		2E730F25275873B900AF6FA4 /* DocumentUseCase.swift in Sources */ = {isa = PBXBuildFile; fileRef = 2E730F20275873B900AF6FA4 /* DocumentUseCase.swift */; };
		2E730F26275873B900AF6FA4 /* DocumentViewController.swift in Sources */ = {isa = PBXBuildFile; fileRef = 2E730F21275873B900AF6FA4 /* DocumentViewController.swift */; };
		2E730F27275873B900AF6FA4 /* DocumentViewModel.swift in Sources */ = {isa = PBXBuildFile; fileRef = 2E730F22275873B900AF6FA4 /* DocumentViewModel.swift */; };
		2E730F292758789700AF6FA4 /* Tabbar+Pageview.swift in Sources */ = {isa = PBXBuildFile; fileRef = 2E730F282758789700AF6FA4 /* Tabbar+Pageview.swift */; };
		2E85E3082743B32700FF9412 /* UIView+.swift in Sources */ = {isa = PBXBuildFile; fileRef = 2E85E3072743B32700FF9412 /* UIView+.swift */; };
		2E8B80552750C31300897DB9 /* User.swift in Sources */ = {isa = PBXBuildFile; fileRef = 2E8B80542750C31300897DB9 /* User.swift */; };
		2E8D76D1274F7A140050CB8D /* RsaSignner.xcframework in Frameworks */ = {isa = PBXBuildFile; fileRef = 2E8D76CF274F7A110050CB8D /* RsaSignner.xcframework */; };
		2E8D76D2274F7A140050CB8D /* RsaSignner.xcframework in Embed Frameworks */ = {isa = PBXBuildFile; fileRef = 2E8D76CF274F7A110050CB8D /* RsaSignner.xcframework */; settings = {ATTRIBUTES = (CodeSignOnCopy, RemoveHeadersOnCopy, ); }; };
		2E8E1C5B27560EB900BE04EC /* UIApplication+.swift in Sources */ = {isa = PBXBuildFile; fileRef = 2E8E1C5A27560EB900BE04EC /* UIApplication+.swift */; };
		2EBC03D627572EDD00149374 /* Config.swift in Sources */ = {isa = PBXBuildFile; fileRef = 2EBC03D527572EDC00149374 /* Config.swift */; };
		2ED08C68273E0648009B4068 /* AppDelegate.swift in Sources */ = {isa = PBXBuildFile; fileRef = 2ED08C67273E0648009B4068 /* AppDelegate.swift */; };
		2ED08C6A273E0648009B4068 /* Podfile in Resources */ = {isa = PBXBuildFile; fileRef = 2ED08C69273E0648009B4068 /* Podfile */; };
		2ED08C6C273E0648009B4068 /* .swiftlint.yml in Resources */ = {isa = PBXBuildFile; fileRef = 2ED08C6B273E0648009B4068 /* .swiftlint.yml */; };
		2ED08C6E273E0648009B4068 /* Assembler.swift in Sources */ = {isa = PBXBuildFile; fileRef = 2ED08C6D273E0648009B4068 /* Assembler.swift */; };
		2ED08C70273E0648009B4068 /* UnitTestViewController.swift in Sources */ = {isa = PBXBuildFile; fileRef = 2ED08C6F273E0648009B4068 /* UnitTestViewController.swift */; };
		2ED08C73273E0648009B4068 /* APIUrls.swift in Sources */ = {isa = PBXBuildFile; fileRef = 2ED08C72273E0648009B4068 /* APIUrls.swift */; };
		2ED08C77273E0648009B4068 /* Entity.md in Resources */ = {isa = PBXBuildFile; fileRef = 2ED08C76273E0648009B4068 /* Entity.md */; };
		2ED08C7A273E0648009B4068 /* UseCase.md in Resources */ = {isa = PBXBuildFile; fileRef = 2ED08C79273E0648009B4068 /* UseCase.md */; };
		2ED08C7E273E0648009B4068 /* APIError.swift in Sources */ = {isa = PBXBuildFile; fileRef = 2ED08C7D273E0648009B4068 /* APIError.swift */; };
		2ED08C80273E0648009B4068 /* APIInput.swift in Sources */ = {isa = PBXBuildFile; fileRef = 2ED08C7F273E0648009B4068 /* APIInput.swift */; };
		2ED08C82273E0648009B4068 /* APIOutput.swift in Sources */ = {isa = PBXBuildFile; fileRef = 2ED08C81273E0648009B4068 /* APIOutput.swift */; };
		2ED08C84273E0648009B4068 /* APIService.swift in Sources */ = {isa = PBXBuildFile; fileRef = 2ED08C83273E0648009B4068 /* APIService.swift */; };
		2ED08C87273E0648009B4068 /* GatewaysAssembler.swift in Sources */ = {isa = PBXBuildFile; fileRef = 2ED08C86273E0648009B4068 /* GatewaysAssembler.swift */; };
		2ED08C8A273E0648009B4068 /* Storyboards.swift in Sources */ = {isa = PBXBuildFile; fileRef = 2ED08C89273E0648009B4068 /* Storyboards.swift */; };
		2ED08C8D273E0648009B4068 /* AppAssembler.swift in Sources */ = {isa = PBXBuildFile; fileRef = 2ED08C8C273E0648009B4068 /* AppAssembler.swift */; };
		2ED08C8F273E0648009B4068 /* AppNavigator.swift in Sources */ = {isa = PBXBuildFile; fileRef = 2ED08C8E273E0648009B4068 /* AppNavigator.swift */; };
		2ED08C91273E0648009B4068 /* AppUseCase.swift in Sources */ = {isa = PBXBuildFile; fileRef = 2ED08C90273E0648009B4068 /* AppUseCase.swift */; };
		2ED08C93273E0648009B4068 /* AppViewModel.swift in Sources */ = {isa = PBXBuildFile; fileRef = 2ED08C92273E0648009B4068 /* AppViewModel.swift */; };
		2ED08C9A273E0648009B4068 /* MainAssembler.swift in Sources */ = {isa = PBXBuildFile; fileRef = 2ED08C99273E0648009B4068 /* MainAssembler.swift */; };
		2ED08C9C273E0648009B4068 /* MainNavigator.swift in Sources */ = {isa = PBXBuildFile; fileRef = 2ED08C9B273E0648009B4068 /* MainNavigator.swift */; };
		2ED08C9E273E0648009B4068 /* MainUseCase.swift in Sources */ = {isa = PBXBuildFile; fileRef = 2ED08C9D273E0648009B4068 /* MainUseCase.swift */; };
		2ED08CA0273E0648009B4068 /* MainViewController.swift in Sources */ = {isa = PBXBuildFile; fileRef = 2ED08C9F273E0648009B4068 /* MainViewController.swift */; };
		2ED08CA2273E0648009B4068 /* MainViewModel.swift in Sources */ = {isa = PBXBuildFile; fileRef = 2ED08CA1273E0648009B4068 /* MainViewModel.swift */; };
		2ED08CA5273E0648009B4068 /* UIViewController+.swift in Sources */ = {isa = PBXBuildFile; fileRef = 2ED08CA4273E0648009B4068 /* UIViewController+.swift */; };
		2ED08CA7273E0648009B4068 /* UIViewController+Rx.swift in Sources */ = {isa = PBXBuildFile; fileRef = 2ED08CA6273E0648009B4068 /* UIViewController+Rx.swift */; };
		2ED08CA9273E064B009B4068 /* Assets.xcassets in Resources */ = {isa = PBXBuildFile; fileRef = 2ED08CA8273E064B009B4068 /* Assets.xcassets */; };
		2ED08CAC273E064B009B4068 /* LaunchScreen.storyboard in Resources */ = {isa = PBXBuildFile; fileRef = 2ED08CAA273E064B009B4068 /* LaunchScreen.storyboard */; };
		2ED08CB6273E064C009B4068 /* VOfficeiPhoneNewTests.swift in Sources */ = {isa = PBXBuildFile; fileRef = 2ED08CB5273E064C009B4068 /* VOfficeiPhoneNewTests.swift */; };
		2ED08CC0273E064C009B4068 /* VOfficeiPhoneNewUITests.swift in Sources */ = {isa = PBXBuildFile; fileRef = 2ED08CBF273E064C009B4068 /* VOfficeiPhoneNewUITests.swift */; };
		2ED08CC2273E064C009B4068 /* VOfficeiPhoneNewUITestsLaunchTests.swift in Sources */ = {isa = PBXBuildFile; fileRef = 2ED08CC1273E064C009B4068 /* VOfficeiPhoneNewUITestsLaunchTests.swift */; };
		2ED08CD1273E0A6A009B4068 /* swiftgen.yml in Resources */ = {isa = PBXBuildFile; fileRef = 2ED08CD0273E0A6A009B4068 /* swiftgen.yml */; };
		2ED08CD5273E0AC8009B4068 /* custom-colors.stencil in Resources */ = {isa = PBXBuildFile; fileRef = 2ED08CD2273E0AC7009B4068 /* custom-colors.stencil */; };
		2ED08CD6273E0AC8009B4068 /* custom-images.stencil in Resources */ = {isa = PBXBuildFile; fileRef = 2ED08CD3273E0AC7009B4068 /* custom-images.stencil */; };
		2ED08CD7273E0AC8009B4068 /* custom-strings.stencil in Resources */ = {isa = PBXBuildFile; fileRef = 2ED08CD4273E0AC7009B4068 /* custom-strings.stencil */; };
		2ED08CDA273E0AFD009B4068 /* Strings.swift in Sources */ = {isa = PBXBuildFile; fileRef = 2ED08CD9273E0AFD009B4068 /* Strings.swift */; };
		2ED08CDC273E0B1B009B4068 /* Assets.swift in Sources */ = {isa = PBXBuildFile; fileRef = 2ED08CDB273E0B1B009B4068 /* Assets.swift */; };
		2ED08CDE273E0B29009B4068 /* Fonts.swift in Sources */ = {isa = PBXBuildFile; fileRef = 2ED08CDD273E0B29009B4068 /* Fonts.swift */; };
		2ED08CE0273E0CFE009B4068 /* .bartycrouch.toml in Resources */ = {isa = PBXBuildFile; fileRef = 2ED08CDF273E0CFE009B4068 /* .bartycrouch.toml */; };
		2ED08CE7273E0F2F009B4068 /* Localizable.strings in Resources */ = {isa = PBXBuildFile; fileRef = 2ED08CE9273E0F2F009B4068 /* Localizable.strings */; };
		2ED08CEE273E0FF5009B4068 /* Localization.swift in Sources */ = {isa = PBXBuildFile; fileRef = 2ED08CED273E0FF5009B4068 /* Localization.swift */; };
		2ED08D04273E1854009B4068 /* LoginAssembler.swift in Sources */ = {isa = PBXBuildFile; fileRef = 2ED08CFF273E1854009B4068 /* LoginAssembler.swift */; };
		2ED08D05273E1854009B4068 /* LoginNavigator.swift in Sources */ = {isa = PBXBuildFile; fileRef = 2ED08D00273E1854009B4068 /* LoginNavigator.swift */; };
		2ED08D06273E1854009B4068 /* LoginUseCase.swift in Sources */ = {isa = PBXBuildFile; fileRef = 2ED08D01273E1854009B4068 /* LoginUseCase.swift */; };
		2ED08D07273E1854009B4068 /* LoginViewController.swift in Sources */ = {isa = PBXBuildFile; fileRef = 2ED08D02273E1854009B4068 /* LoginViewController.swift */; };
		2ED08D08273E1854009B4068 /* LoginViewModel.swift in Sources */ = {isa = PBXBuildFile; fileRef = 2ED08D03273E1854009B4068 /* LoginViewModel.swift */; };
		2ED08D15273E20BC009B4068 /* BaseViewController.swift in Sources */ = {isa = PBXBuildFile; fileRef = 2ED08D14273E20BC009B4068 /* BaseViewController.swift */; };
		2ED08D1F273E21C1009B4068 /* UIImage+Ext.swift in Sources */ = {isa = PBXBuildFile; fileRef = 2ED08D16273E21BE009B4068 /* UIImage+Ext.swift */; };
		2ED08D20273E21C1009B4068 /* UINavigationBar+Ext.swift in Sources */ = {isa = PBXBuildFile; fileRef = 2ED08D17273E21BE009B4068 /* UINavigationBar+Ext.swift */; };
		2ED08D21273E21C1009B4068 /* DefaultDesign.swift in Sources */ = {isa = PBXBuildFile; fileRef = 2ED08D18273E21BE009B4068 /* DefaultDesign.swift */; };
		2ED08D22273E21C1009B4068 /* ViewModelType.swift in Sources */ = {isa = PBXBuildFile; fileRef = 2ED08D19273E21BF009B4068 /* ViewModelType.swift */; };
		2ED08D23273E21C1009B4068 /* BaseComponent.swift in Sources */ = {isa = PBXBuildFile; fileRef = 2ED08D1A273E21BF009B4068 /* BaseComponent.swift */; };
		2ED08D24273E21C1009B4068 /* UIColor+Ext.swift in Sources */ = {isa = PBXBuildFile; fileRef = 2ED08D1B273E21C0009B4068 /* UIColor+Ext.swift */; };
		2ED08D25273E21C1009B4068 /* UITableView+Extensions.swift in Sources */ = {isa = PBXBuildFile; fileRef = 2ED08D1C273E21C0009B4068 /* UITableView+Extensions.swift */; };
		2ED08D26273E21C1009B4068 /* UIView+Ext.swift in Sources */ = {isa = PBXBuildFile; fileRef = 2ED08D1D273E21C0009B4068 /* UIView+Ext.swift */; };
		2EE891DC2745FB3E00196114 /* Validation+String.swift in Sources */ = {isa = PBXBuildFile; fileRef = 2EE891D92745FB3E00196114 /* Validation+String.swift */; };
		2EE891DD2745FB3E00196114 /* Validation+Collection.swift in Sources */ = {isa = PBXBuildFile; fileRef = 2EE891DA2745FB3E00196114 /* Validation+Collection.swift */; };
		2EE891DE2745FB3E00196114 /* Validation+Comparable.swift in Sources */ = {isa = PBXBuildFile; fileRef = 2EE891DB2745FB3E00196114 /* Validation+Comparable.swift */; };
		2EE891E22745FB5D00196114 /* LoggingIn.swift in Sources */ = {isa = PBXBuildFile; fileRef = 2EE891E02745FB5D00196114 /* LoggingIn.swift */; };
		2EE891E32745FB5D00196114 /* LoginDto.swift in Sources */ = {isa = PBXBuildFile; fileRef = 2EE891E12745FB5D00196114 /* LoginDto.swift */; };
		2EE891E527460DB300196114 /* Api+Login.swift in Sources */ = {isa = PBXBuildFile; fileRef = 2EE891E427460DB300196114 /* Api+Login.swift */; };
		2EE891E72746327D00196114 /* RSAKey.swift in Sources */ = {isa = PBXBuildFile; fileRef = 2EE891E62746327D00196114 /* RSAKey.swift */; };
		2EE891E9274635DD00196114 /* LoginGateway.swift in Sources */ = {isa = PBXBuildFile; fileRef = 2EE891E8274635DD00196114 /* LoginGateway.swift */; };
		2EFA86BA27448F8A000B1569 /* UIImage+.swift in Sources */ = {isa = PBXBuildFile; fileRef = 2EFA86B927448F8A000B1569 /* UIImage+.swift */; };
		2EFA86BC2744A889000B1569 /* custom-rx-strings.stencil in Resources */ = {isa = PBXBuildFile; fileRef = 2EFA86BB2744A889000B1569 /* custom-rx-strings.stencil */; };
		2EFA86BE2744AB91000B1569 /* RxStrings.swift in Sources */ = {isa = PBXBuildFile; fileRef = 2EFA86BD2744AB91000B1569 /* RxStrings.swift */; };
		2EFA86C22744B403000B1569 /* run-swiftgen.sh in Resources */ = {isa = PBXBuildFile; fileRef = 2EFA86C02744B403000B1569 /* run-swiftgen.sh */; };
		2EFA86C32744B403000B1569 /* localizable-dups.rb in Resources */ = {isa = PBXBuildFile; fileRef = 2EFA86C12744B403000B1569 /* localizable-dups.rb */; };
		2EFA86C72744FB13000B1569 /* AppSettings.swift in Sources */ = {isa = PBXBuildFile; fileRef = 2EFA86C62744FB13000B1569 /* AppSettings.swift */; };
		2EFA86C92744FB37000B1569 /* CacheStorage.swift in Sources */ = {isa = PBXBuildFile; fileRef = 2EFA86C82744FB37000B1569 /* CacheStorage.swift */; };
		2EFA86CB2744FB57000B1569 /* Storage.swift in Sources */ = {isa = PBXBuildFile; fileRef = 2EFA86CA2744FB57000B1569 /* Storage.swift */; };
		50D67E175AA224FEC42CD717 /* Pods_VOfficeiPhoneNew.framework in Frameworks */ = {isa = PBXBuildFile; fileRef = 32EE20DBD60044F6806E0276 /* Pods_VOfficeiPhoneNew.framework */; };
		892180B449A6A3BD67BF9230 /* Pods_VOfficeiPhoneNewTests.framework in Frameworks */ = {isa = PBXBuildFile; fileRef = 08693761741B2E9C00085763 /* Pods_VOfficeiPhoneNewTests.framework */; };
/* End PBXBuildFile section */

/* Begin PBXContainerItemProxy section */
		2ED08CB2273E064C009B4068 /* PBXContainerItemProxy */ = {
			isa = PBXContainerItemProxy;
			containerPortal = 2ED08C5C273E0648009B4068 /* Project object */;
			proxyType = 1;
			remoteGlobalIDString = 2ED08C63273E0648009B4068;
			remoteInfo = VOfficeiPhoneNew;
		};
		2ED08CBC273E064C009B4068 /* PBXContainerItemProxy */ = {
			isa = PBXContainerItemProxy;
			containerPortal = 2ED08C5C273E0648009B4068 /* Project object */;
			proxyType = 1;
			remoteGlobalIDString = 2ED08C63273E0648009B4068;
			remoteInfo = VOfficeiPhoneNew;
		};
/* End PBXContainerItemProxy section */

/* Begin PBXCopyFilesBuildPhase section */
		2E28631A274E1DF00006F4F0 /* Embed Frameworks */ = {
			isa = PBXCopyFilesBuildPhase;
			buildActionMask = 2147483647;
			dstPath = "";
			dstSubfolderSpec = 10;
			files = (
				2E8D76D2274F7A140050CB8D /* RsaSignner.xcframework in Embed Frameworks */,
			);
			name = "Embed Frameworks";
			runOnlyForDeploymentPostprocessing = 0;
		};
/* End PBXCopyFilesBuildPhase section */

/* Begin PBXFileReference section */
		08693761741B2E9C00085763 /* Pods_VOfficeiPhoneNewTests.framework */ = {isa = PBXFileReference; explicitFileType = wrapper.framework; includeInIndex = 0; path = Pods_VOfficeiPhoneNewTests.framework; sourceTree = BUILT_PRODUCTS_DIR; };
		18BB51A61CDB2718B73647D4 /* Pods-VOfficeiPhoneNewTests.debug.xcconfig */ = {isa = PBXFileReference; includeInIndex = 1; lastKnownFileType = text.xcconfig; name = "Pods-VOfficeiPhoneNewTests.debug.xcconfig"; path = "Target Support Files/Pods-VOfficeiPhoneNewTests/Pods-VOfficeiPhoneNewTests.debug.xcconfig"; sourceTree = "<group>"; };
		2E28633B274E2B590006F4F0 /* String+.swift */ = {isa = PBXFileReference; lastKnownFileType = sourcecode.swift; path = "String+.swift"; sourceTree = "<group>"; };
		2E286349274E36BB0006F4F0 /* APIParams.swift */ = {isa = PBXFileReference; lastKnownFileType = sourcecode.swift; path = APIParams.swift; sourceTree = "<group>"; };
		2E28634B274E37D20006F4F0 /* Date+.swift */ = {isa = PBXFileReference; lastKnownFileType = sourcecode.swift; path = "Date+.swift"; sourceTree = "<group>"; };
		2E348D5C274B994900F76E20 /* Constant.swift */ = {isa = PBXFileReference; lastKnownFileType = sourcecode.swift; path = Constant.swift; sourceTree = "<group>"; };
		2E4706AB2761DD1C008B5B6B /* BasePageViewController.swift */ = {isa = PBXFileReference; lastKnownFileType = sourcecode.swift; path = BasePageViewController.swift; sourceTree = "<group>"; };
		2E4706AE2761E67A008B5B6B /* UIPageViewController+Rx.swift */ = {isa = PBXFileReference; lastKnownFileType = sourcecode.swift; path = "UIPageViewController+Rx.swift"; sourceTree = "<group>"; };
		2E5F81AE274C9D1F00357CDC /* Error+.swift */ = {isa = PBXFileReference; lastKnownFileType = sourcecode.swift; path = "Error+.swift"; sourceTree = "<group>"; };
		2E730F1C2758709000AF6FA4 /* BaseTabBarController.swift */ = {isa = PBXFileReference; lastKnownFileType = sourcecode.swift; path = BaseTabBarController.swift; sourceTree = "<group>"; };
		2E730F1E275873B900AF6FA4 /* DocumentAssembler.swift */ = {isa = PBXFileReference; lastKnownFileType = sourcecode.swift; path = DocumentAssembler.swift; sourceTree = "<group>"; };
		2E730F1F275873B900AF6FA4 /* DocumentNavigator.swift */ = {isa = PBXFileReference; lastKnownFileType = sourcecode.swift; path = DocumentNavigator.swift; sourceTree = "<group>"; };
		2E730F20275873B900AF6FA4 /* DocumentUseCase.swift */ = {isa = PBXFileReference; lastKnownFileType = sourcecode.swift; path = DocumentUseCase.swift; sourceTree = "<group>"; };
		2E730F21275873B900AF6FA4 /* DocumentViewController.swift */ = {isa = PBXFileReference; lastKnownFileType = sourcecode.swift; path = DocumentViewController.swift; sourceTree = "<group>"; };
		2E730F22275873B900AF6FA4 /* DocumentViewModel.swift */ = {isa = PBXFileReference; lastKnownFileType = sourcecode.swift; path = DocumentViewModel.swift; sourceTree = "<group>"; };
		2E730F282758789700AF6FA4 /* Tabbar+Pageview.swift */ = {isa = PBXFileReference; lastKnownFileType = sourcecode.swift; path = "Tabbar+Pageview.swift"; sourceTree = "<group>"; };
		2E85E3072743B32700FF9412 /* UIView+.swift */ = {isa = PBXFileReference; lastKnownFileType = sourcecode.swift; path = "UIView+.swift"; sourceTree = "<group>"; };
		2E8B80542750C31300897DB9 /* User.swift */ = {isa = PBXFileReference; lastKnownFileType = sourcecode.swift; path = User.swift; sourceTree = "<group>"; };
		2E8D76CF274F7A110050CB8D /* RsaSignner.xcframework */ = {isa = PBXFileReference; lastKnownFileType = wrapper.xcframework; path = RsaSignner.xcframework; sourceTree = "<group>"; };
		2E8E1C5A27560EB900BE04EC /* UIApplication+.swift */ = {isa = PBXFileReference; lastKnownFileType = sourcecode.swift; path = "UIApplication+.swift"; sourceTree = "<group>"; };
		2EBC03D527572EDC00149374 /* Config.swift */ = {isa = PBXFileReference; lastKnownFileType = sourcecode.swift; path = Config.swift; sourceTree = "<group>"; };
		2ED08C64273E0648009B4068 /* VOfficeiPhoneNew.app */ = {isa = PBXFileReference; explicitFileType = wrapper.application; includeInIndex = 0; path = VOfficeiPhoneNew.app; sourceTree = BUILT_PRODUCTS_DIR; };
		2ED08C67273E0648009B4068 /* AppDelegate.swift */ = {isa = PBXFileReference; lastKnownFileType = sourcecode.swift; path = AppDelegate.swift; sourceTree = "<group>"; };
		2ED08C69273E0648009B4068 /* Podfile */ = {isa = PBXFileReference; lastKnownFileType = text; path = Podfile; sourceTree = "<group>"; xcLanguageSpecificationIdentifier = xcode.lang.ruby; };
		2ED08C6B273E0648009B4068 /* .swiftlint.yml */ = {isa = PBXFileReference; lastKnownFileType = text.yaml; path = .swiftlint.yml; sourceTree = "<group>"; };
		2ED08C6D273E0648009B4068 /* Assembler.swift */ = {isa = PBXFileReference; lastKnownFileType = sourcecode.swift; path = Assembler.swift; sourceTree = "<group>"; };
		2ED08C6F273E0648009B4068 /* UnitTestViewController.swift */ = {isa = PBXFileReference; lastKnownFileType = sourcecode.swift; path = UnitTestViewController.swift; sourceTree = "<group>"; };
		2ED08C72273E0648009B4068 /* APIUrls.swift */ = {isa = PBXFileReference; lastKnownFileType = sourcecode.swift; path = APIUrls.swift; sourceTree = "<group>"; };
		2ED08C76273E0648009B4068 /* Entity.md */ = {isa = PBXFileReference; lastKnownFileType = net.daringfireball.markdown; path = Entity.md; sourceTree = "<group>"; };
		2ED08C79273E0648009B4068 /* UseCase.md */ = {isa = PBXFileReference; lastKnownFileType = net.daringfireball.markdown; path = UseCase.md; sourceTree = "<group>"; };
		2ED08C7D273E0648009B4068 /* APIError.swift */ = {isa = PBXFileReference; lastKnownFileType = sourcecode.swift; path = APIError.swift; sourceTree = "<group>"; };
		2ED08C7F273E0648009B4068 /* APIInput.swift */ = {isa = PBXFileReference; lastKnownFileType = sourcecode.swift; path = APIInput.swift; sourceTree = "<group>"; };
		2ED08C81273E0648009B4068 /* APIOutput.swift */ = {isa = PBXFileReference; lastKnownFileType = sourcecode.swift; path = APIOutput.swift; sourceTree = "<group>"; };
		2ED08C83273E0648009B4068 /* APIService.swift */ = {isa = PBXFileReference; lastKnownFileType = sourcecode.swift; path = APIService.swift; sourceTree = "<group>"; };
		2ED08C86273E0648009B4068 /* GatewaysAssembler.swift */ = {isa = PBXFileReference; lastKnownFileType = sourcecode.swift; path = GatewaysAssembler.swift; sourceTree = "<group>"; };
		2ED08C89273E0648009B4068 /* Storyboards.swift */ = {isa = PBXFileReference; lastKnownFileType = sourcecode.swift; path = Storyboards.swift; sourceTree = "<group>"; };
		2ED08C8C273E0648009B4068 /* AppAssembler.swift */ = {isa = PBXFileReference; lastKnownFileType = sourcecode.swift; path = AppAssembler.swift; sourceTree = "<group>"; };
		2ED08C8E273E0648009B4068 /* AppNavigator.swift */ = {isa = PBXFileReference; lastKnownFileType = sourcecode.swift; path = AppNavigator.swift; sourceTree = "<group>"; };
		2ED08C90273E0648009B4068 /* AppUseCase.swift */ = {isa = PBXFileReference; lastKnownFileType = sourcecode.swift; path = AppUseCase.swift; sourceTree = "<group>"; };
		2ED08C92273E0648009B4068 /* AppViewModel.swift */ = {isa = PBXFileReference; lastKnownFileType = sourcecode.swift; path = AppViewModel.swift; sourceTree = "<group>"; };
		2ED08C99273E0648009B4068 /* MainAssembler.swift */ = {isa = PBXFileReference; lastKnownFileType = sourcecode.swift; path = MainAssembler.swift; sourceTree = "<group>"; };
		2ED08C9B273E0648009B4068 /* MainNavigator.swift */ = {isa = PBXFileReference; lastKnownFileType = sourcecode.swift; path = MainNavigator.swift; sourceTree = "<group>"; };
		2ED08C9D273E0648009B4068 /* MainUseCase.swift */ = {isa = PBXFileReference; lastKnownFileType = sourcecode.swift; path = MainUseCase.swift; sourceTree = "<group>"; };
		2ED08C9F273E0648009B4068 /* MainViewController.swift */ = {isa = PBXFileReference; lastKnownFileType = sourcecode.swift; path = MainViewController.swift; sourceTree = "<group>"; };
		2ED08CA1273E0648009B4068 /* MainViewModel.swift */ = {isa = PBXFileReference; lastKnownFileType = sourcecode.swift; path = MainViewModel.swift; sourceTree = "<group>"; };
		2ED08CA4273E0648009B4068 /* UIViewController+.swift */ = {isa = PBXFileReference; lastKnownFileType = sourcecode.swift; path = "UIViewController+.swift"; sourceTree = "<group>"; };
		2ED08CA6273E0648009B4068 /* UIViewController+Rx.swift */ = {isa = PBXFileReference; lastKnownFileType = sourcecode.swift; path = "UIViewController+Rx.swift"; sourceTree = "<group>"; };
		2ED08CA8273E064B009B4068 /* Assets.xcassets */ = {isa = PBXFileReference; lastKnownFileType = folder.assetcatalog; path = Assets.xcassets; sourceTree = "<group>"; };
		2ED08CAB273E064B009B4068 /* Base */ = {isa = PBXFileReference; lastKnownFileType = file.storyboard; name = Base; path = Base.lproj/LaunchScreen.storyboard; sourceTree = "<group>"; };
		2ED08CB1273E064C009B4068 /* VOfficeiPhoneNewTests.xctest */ = {isa = PBXFileReference; explicitFileType = wrapper.cfbundle; includeInIndex = 0; path = VOfficeiPhoneNewTests.xctest; sourceTree = BUILT_PRODUCTS_DIR; };
		2ED08CB5273E064C009B4068 /* VOfficeiPhoneNewTests.swift */ = {isa = PBXFileReference; lastKnownFileType = sourcecode.swift; path = VOfficeiPhoneNewTests.swift; sourceTree = "<group>"; };
		2ED08CBB273E064C009B4068 /* VOfficeiPhoneNewUITests.xctest */ = {isa = PBXFileReference; explicitFileType = wrapper.cfbundle; includeInIndex = 0; path = VOfficeiPhoneNewUITests.xctest; sourceTree = BUILT_PRODUCTS_DIR; };
		2ED08CBF273E064C009B4068 /* VOfficeiPhoneNewUITests.swift */ = {isa = PBXFileReference; lastKnownFileType = sourcecode.swift; path = VOfficeiPhoneNewUITests.swift; sourceTree = "<group>"; };
		2ED08CC1273E064C009B4068 /* VOfficeiPhoneNewUITestsLaunchTests.swift */ = {isa = PBXFileReference; lastKnownFileType = sourcecode.swift; path = VOfficeiPhoneNewUITestsLaunchTests.swift; sourceTree = "<group>"; };
		2ED08CD0273E0A6A009B4068 /* swiftgen.yml */ = {isa = PBXFileReference; fileEncoding = 4; lastKnownFileType = text.yaml; path = swiftgen.yml; sourceTree = "<group>"; };
		2ED08CD2273E0AC7009B4068 /* custom-colors.stencil */ = {isa = PBXFileReference; fileEncoding = 4; lastKnownFileType = text; path = "custom-colors.stencil"; sourceTree = "<group>"; };
		2ED08CD3273E0AC7009B4068 /* custom-images.stencil */ = {isa = PBXFileReference; fileEncoding = 4; lastKnownFileType = text; path = "custom-images.stencil"; sourceTree = "<group>"; };
		2ED08CD4273E0AC7009B4068 /* custom-strings.stencil */ = {isa = PBXFileReference; fileEncoding = 4; lastKnownFileType = text; path = "custom-strings.stencil"; sourceTree = "<group>"; };
		2ED08CD9273E0AFD009B4068 /* Strings.swift */ = {isa = PBXFileReference; lastKnownFileType = sourcecode.swift; path = Strings.swift; sourceTree = "<group>"; };
		2ED08CDB273E0B1B009B4068 /* Assets.swift */ = {isa = PBXFileReference; lastKnownFileType = sourcecode.swift; path = Assets.swift; sourceTree = "<group>"; };
		2ED08CDD273E0B29009B4068 /* Fonts.swift */ = {isa = PBXFileReference; lastKnownFileType = sourcecode.swift; path = Fonts.swift; sourceTree = "<group>"; };
		2ED08CDF273E0CFE009B4068 /* .bartycrouch.toml */ = {isa = PBXFileReference; fileEncoding = 4; lastKnownFileType = text; path = .bartycrouch.toml; sourceTree = "<group>"; };
		2ED08CE8273E0F2F009B4068 /* en */ = {isa = PBXFileReference; lastKnownFileType = text.plist.strings; name = en; path = en.lproj/Localizable.strings; sourceTree = "<group>"; };
		2ED08CEA273E0F42009B4068 /* vi */ = {isa = PBXFileReference; lastKnownFileType = text.plist.strings; name = vi; path = vi.lproj/LaunchScreen.strings; sourceTree = "<group>"; };
		2ED08CEB273E0F43009B4068 /* vi */ = {isa = PBXFileReference; lastKnownFileType = text.plist.strings; name = vi; path = vi.lproj/Localizable.strings; sourceTree = "<group>"; };
		2ED08CED273E0FF5009B4068 /* Localization.swift */ = {isa = PBXFileReference; lastKnownFileType = sourcecode.swift; path = Localization.swift; sourceTree = "<group>"; };
		2ED08CFF273E1854009B4068 /* LoginAssembler.swift */ = {isa = PBXFileReference; lastKnownFileType = sourcecode.swift; path = LoginAssembler.swift; sourceTree = "<group>"; };
		2ED08D00273E1854009B4068 /* LoginNavigator.swift */ = {isa = PBXFileReference; lastKnownFileType = sourcecode.swift; path = LoginNavigator.swift; sourceTree = "<group>"; };
		2ED08D01273E1854009B4068 /* LoginUseCase.swift */ = {isa = PBXFileReference; lastKnownFileType = sourcecode.swift; path = LoginUseCase.swift; sourceTree = "<group>"; };
		2ED08D02273E1854009B4068 /* LoginViewController.swift */ = {isa = PBXFileReference; lastKnownFileType = sourcecode.swift; path = LoginViewController.swift; sourceTree = "<group>"; };
		2ED08D03273E1854009B4068 /* LoginViewModel.swift */ = {isa = PBXFileReference; lastKnownFileType = sourcecode.swift; path = LoginViewModel.swift; sourceTree = "<group>"; };
		2ED08D14273E20BC009B4068 /* BaseViewController.swift */ = {isa = PBXFileReference; fileEncoding = 4; lastKnownFileType = sourcecode.swift; path = BaseViewController.swift; sourceTree = "<group>"; };
		2ED08D16273E21BE009B4068 /* UIImage+Ext.swift */ = {isa = PBXFileReference; fileEncoding = 4; lastKnownFileType = sourcecode.swift; path = "UIImage+Ext.swift"; sourceTree = "<group>"; };
		2ED08D17273E21BE009B4068 /* UINavigationBar+Ext.swift */ = {isa = PBXFileReference; fileEncoding = 4; lastKnownFileType = sourcecode.swift; path = "UINavigationBar+Ext.swift"; sourceTree = "<group>"; };
		2ED08D18273E21BE009B4068 /* DefaultDesign.swift */ = {isa = PBXFileReference; fileEncoding = 4; lastKnownFileType = sourcecode.swift; path = DefaultDesign.swift; sourceTree = "<group>"; };
		2ED08D19273E21BF009B4068 /* ViewModelType.swift */ = {isa = PBXFileReference; fileEncoding = 4; lastKnownFileType = sourcecode.swift; path = ViewModelType.swift; sourceTree = "<group>"; };
		2ED08D1A273E21BF009B4068 /* BaseComponent.swift */ = {isa = PBXFileReference; fileEncoding = 4; lastKnownFileType = sourcecode.swift; path = BaseComponent.swift; sourceTree = "<group>"; };
		2ED08D1B273E21C0009B4068 /* UIColor+Ext.swift */ = {isa = PBXFileReference; fileEncoding = 4; lastKnownFileType = sourcecode.swift; path = "UIColor+Ext.swift"; sourceTree = "<group>"; };
		2ED08D1C273E21C0009B4068 /* UITableView+Extensions.swift */ = {isa = PBXFileReference; fileEncoding = 4; lastKnownFileType = sourcecode.swift; path = "UITableView+Extensions.swift"; sourceTree = "<group>"; };
		2ED08D1D273E21C0009B4068 /* UIView+Ext.swift */ = {isa = PBXFileReference; fileEncoding = 4; lastKnownFileType = sourcecode.swift; path = "UIView+Ext.swift"; sourceTree = "<group>"; };
		2EE891D92745FB3E00196114 /* Validation+String.swift */ = {isa = PBXFileReference; fileEncoding = 4; lastKnownFileType = sourcecode.swift; path = "Validation+String.swift"; sourceTree = "<group>"; };
		2EE891DA2745FB3E00196114 /* Validation+Collection.swift */ = {isa = PBXFileReference; fileEncoding = 4; lastKnownFileType = sourcecode.swift; path = "Validation+Collection.swift"; sourceTree = "<group>"; };
		2EE891DB2745FB3E00196114 /* Validation+Comparable.swift */ = {isa = PBXFileReference; fileEncoding = 4; lastKnownFileType = sourcecode.swift; path = "Validation+Comparable.swift"; sourceTree = "<group>"; };
		2EE891E02745FB5D00196114 /* LoggingIn.swift */ = {isa = PBXFileReference; fileEncoding = 4; lastKnownFileType = sourcecode.swift; path = LoggingIn.swift; sourceTree = "<group>"; };
		2EE891E12745FB5D00196114 /* LoginDto.swift */ = {isa = PBXFileReference; fileEncoding = 4; lastKnownFileType = sourcecode.swift; path = LoginDto.swift; sourceTree = "<group>"; };
		2EE891E427460DB300196114 /* Api+Login.swift */ = {isa = PBXFileReference; lastKnownFileType = sourcecode.swift; path = "Api+Login.swift"; sourceTree = "<group>"; };
		2EE891E62746327D00196114 /* RSAKey.swift */ = {isa = PBXFileReference; lastKnownFileType = sourcecode.swift; path = RSAKey.swift; sourceTree = "<group>"; };
		2EE891E8274635DD00196114 /* LoginGateway.swift */ = {isa = PBXFileReference; lastKnownFileType = sourcecode.swift; path = LoginGateway.swift; sourceTree = "<group>"; };
		2EFA86B927448F8A000B1569 /* UIImage+.swift */ = {isa = PBXFileReference; lastKnownFileType = sourcecode.swift; path = "UIImage+.swift"; sourceTree = "<group>"; };
		2EFA86BB2744A889000B1569 /* custom-rx-strings.stencil */ = {isa = PBXFileReference; fileEncoding = 4; lastKnownFileType = text; path = "custom-rx-strings.stencil"; sourceTree = "<group>"; };
		2EFA86BD2744AB91000B1569 /* RxStrings.swift */ = {isa = PBXFileReference; lastKnownFileType = sourcecode.swift; path = RxStrings.swift; sourceTree = "<group>"; };
		2EFA86C02744B403000B1569 /* run-swiftgen.sh */ = {isa = PBXFileReference; fileEncoding = 4; lastKnownFileType = text.script.sh; path = "run-swiftgen.sh"; sourceTree = "<group>"; };
		2EFA86C12744B403000B1569 /* localizable-dups.rb */ = {isa = PBXFileReference; fileEncoding = 4; lastKnownFileType = text.script.ruby; path = "localizable-dups.rb"; sourceTree = "<group>"; };
		2EFA86C62744FB13000B1569 /* AppSettings.swift */ = {isa = PBXFileReference; lastKnownFileType = sourcecode.swift; path = AppSettings.swift; sourceTree = "<group>"; };
		2EFA86C82744FB37000B1569 /* CacheStorage.swift */ = {isa = PBXFileReference; lastKnownFileType = sourcecode.swift; path = CacheStorage.swift; sourceTree = "<group>"; };
		2EFA86CA2744FB57000B1569 /* Storage.swift */ = {isa = PBXFileReference; lastKnownFileType = sourcecode.swift; path = Storage.swift; sourceTree = "<group>"; };
		32EE20DBD60044F6806E0276 /* Pods_VOfficeiPhoneNew.framework */ = {isa = PBXFileReference; explicitFileType = wrapper.framework; includeInIndex = 0; path = Pods_VOfficeiPhoneNew.framework; sourceTree = BUILT_PRODUCTS_DIR; };
		595000CBC51DFCA878942911 /* Pods-VOfficeiPhoneNewTests.release.xcconfig */ = {isa = PBXFileReference; includeInIndex = 1; lastKnownFileType = text.xcconfig; name = "Pods-VOfficeiPhoneNewTests.release.xcconfig"; path = "Target Support Files/Pods-VOfficeiPhoneNewTests/Pods-VOfficeiPhoneNewTests.release.xcconfig"; sourceTree = "<group>"; };
		5E2D46474ACEA13FCF88112B /* Pods-VOfficeiPhoneNewTests.beta.xcconfig */ = {isa = PBXFileReference; includeInIndex = 1; lastKnownFileType = text.xcconfig; name = "Pods-VOfficeiPhoneNewTests.beta.xcconfig"; path = "Target Support Files/Pods-VOfficeiPhoneNewTests/Pods-VOfficeiPhoneNewTests.beta.xcconfig"; sourceTree = "<group>"; };
		A49BC69D95D6298874AA0E33 /* Pods-VOfficeiPhoneNew.debug.xcconfig */ = {isa = PBXFileReference; includeInIndex = 1; lastKnownFileType = text.xcconfig; name = "Pods-VOfficeiPhoneNew.debug.xcconfig"; path = "Target Support Files/Pods-VOfficeiPhoneNew/Pods-VOfficeiPhoneNew.debug.xcconfig"; sourceTree = "<group>"; };
		CC9CD2053379729AC84A285C /* Pods-VOfficeiPhoneNew.beta.xcconfig */ = {isa = PBXFileReference; includeInIndex = 1; lastKnownFileType = text.xcconfig; name = "Pods-VOfficeiPhoneNew.beta.xcconfig"; path = "Target Support Files/Pods-VOfficeiPhoneNew/Pods-VOfficeiPhoneNew.beta.xcconfig"; sourceTree = "<group>"; };
		E59D116E87A44BFAC72A5B8E /* Pods-VOfficeiPhoneNew.release.xcconfig */ = {isa = PBXFileReference; includeInIndex = 1; lastKnownFileType = text.xcconfig; name = "Pods-VOfficeiPhoneNew.release.xcconfig"; path = "Target Support Files/Pods-VOfficeiPhoneNew/Pods-VOfficeiPhoneNew.release.xcconfig"; sourceTree = "<group>"; };
/* End PBXFileReference section */

/* Begin PBXFrameworksBuildPhase section */
		2ED08C61273E0648009B4068 /* Frameworks */ = {
			isa = PBXFrameworksBuildPhase;
			buildActionMask = 2147483647;
			files = (
				50D67E175AA224FEC42CD717 /* Pods_VOfficeiPhoneNew.framework in Frameworks */,
				2E8D76D1274F7A140050CB8D /* RsaSignner.xcframework in Frameworks */,
			);
			runOnlyForDeploymentPostprocessing = 0;
		};
		2ED08CAE273E064C009B4068 /* Frameworks */ = {
			isa = PBXFrameworksBuildPhase;
			buildActionMask = 2147483647;
			files = (
				892180B449A6A3BD67BF9230 /* Pods_VOfficeiPhoneNewTests.framework in Frameworks */,
			);
			runOnlyForDeploymentPostprocessing = 0;
		};
		2ED08CB8273E064C009B4068 /* Frameworks */ = {
			isa = PBXFrameworksBuildPhase;
			buildActionMask = 2147483647;
			files = (
			);
			runOnlyForDeploymentPostprocessing = 0;
		};
/* End PBXFrameworksBuildPhase section */

/* Begin PBXGroup section */
		1ABC1F2FBF332FB84747FA88 /* Pods */ = {
			isa = PBXGroup;
			children = (
				A49BC69D95D6298874AA0E33 /* Pods-VOfficeiPhoneNew.debug.xcconfig */,
				E59D116E87A44BFAC72A5B8E /* Pods-VOfficeiPhoneNew.release.xcconfig */,
				18BB51A61CDB2718B73647D4 /* Pods-VOfficeiPhoneNewTests.debug.xcconfig */,
				595000CBC51DFCA878942911 /* Pods-VOfficeiPhoneNewTests.release.xcconfig */,
				CC9CD2053379729AC84A285C /* Pods-VOfficeiPhoneNew.beta.xcconfig */,
				5E2D46474ACEA13FCF88112B /* Pods-VOfficeiPhoneNewTests.beta.xcconfig */,
			);
			path = Pods;
			sourceTree = "<group>";
		};
		2E28630F274DE8830006F4F0 /* Util */ = {
			isa = PBXGroup;
			children = (
			);
			path = Util;
			sourceTree = "<group>";
		};
		2EBC03DA2757829200149374 /* Tabbar */ = {
			isa = PBXGroup;
			children = (
				2E730F1E275873B900AF6FA4 /* DocumentAssembler.swift */,
				2E730F1F275873B900AF6FA4 /* DocumentNavigator.swift */,
				2E730F20275873B900AF6FA4 /* DocumentUseCase.swift */,
				2E730F21275873B900AF6FA4 /* DocumentViewController.swift */,
				2E730F22275873B900AF6FA4 /* DocumentViewModel.swift */,
			);
			path = Tabbar;
			sourceTree = "<group>";
		};
		2ED08C5B273E0648009B4068 = {
			isa = PBXGroup;
			children = (
				2ED08C69273E0648009B4068 /* Podfile */,
				2ED08CF3273E178A009B4068 /* Resources */,
				2ED08CEF273E16B3009B4068 /* Deployment */,
				2ED08C66273E0648009B4068 /* VOfficeiPhoneNew */,
				2ED08CB4273E064C009B4068 /* VOfficeiPhoneNewTests */,
				2ED08CBE273E064C009B4068 /* VOfficeiPhoneNewUITests */,
				2ED08C65273E0648009B4068 /* Products */,
				1ABC1F2FBF332FB84747FA88 /* Pods */,
				3E776D0257FEAFB85AAEAFF2 /* Frameworks */,
			);
			sourceTree = "<group>";
		};
		2ED08C65273E0648009B4068 /* Products */ = {
			isa = PBXGroup;
			children = (
				2ED08C64273E0648009B4068 /* VOfficeiPhoneNew.app */,
				2ED08CB1273E064C009B4068 /* VOfficeiPhoneNewTests.xctest */,
				2ED08CBB273E064C009B4068 /* VOfficeiPhoneNewUITests.xctest */,
			);
			name = Products;
			sourceTree = "<group>";
		};
		2ED08C66273E0648009B4068 /* VOfficeiPhoneNew */ = {
			isa = PBXGroup;
			children = (
				2EFA86BF2744B403000B1569 /* scripts */,
				2ED08C67273E0648009B4068 /* AppDelegate.swift */,
				2ED08C6D273E0648009B4068 /* Assembler.swift */,
				2ED08C6F273E0648009B4068 /* UnitTestViewController.swift */,
				2ED08CEC273E0FDE009B4068 /* Helper */,
				2ED08CD8273E0AE4009B4068 /* Design */,
				2ED08C71273E0648009B4068 /* Config */,
				2ED08C74273E0648009B4068 /* Domain */,
				2ED08C7B273E0648009B4068 /* Data */,
				2ED08C88273E0648009B4068 /* Scenes */,
				2ED08CA3273E0648009B4068 /* Extensions */,
			);
			path = VOfficeiPhoneNew;
			sourceTree = "<group>";
		};
		2ED08C71273E0648009B4068 /* Config */ = {
			isa = PBXGroup;
			children = (
				2ED08C72273E0648009B4068 /* APIUrls.swift */,
			);
			path = Config;
			sourceTree = "<group>";
		};
		2ED08C74273E0648009B4068 /* Domain */ = {
			isa = PBXGroup;
			children = (
				2ED08C75273E0648009B4068 /* Entities */,
				2ED08C78273E0648009B4068 /* UseCases */,
			);
			path = Domain;
			sourceTree = "<group>";
		};
		2ED08C75273E0648009B4068 /* Entities */ = {
			isa = PBXGroup;
			children = (
				2ED08C76273E0648009B4068 /* Entity.md */,
				2EE891E62746327D00196114 /* RSAKey.swift */,
				2E348D5C274B994900F76E20 /* Constant.swift */,
				2E8B80542750C31300897DB9 /* User.swift */,
				2EBC03D527572EDC00149374 /* Config.swift */,
				2E730F282758789700AF6FA4 /* Tabbar+Pageview.swift */,
			);
			path = Entities;
			sourceTree = "<group>";
		};
		2ED08C78273E0648009B4068 /* UseCases */ = {
			isa = PBXGroup;
			children = (
				2EE891DF2745FB5D00196114 /* Login */,
				2EE891D82745FB3E00196114 /* Validations */,
				2ED08C79273E0648009B4068 /* UseCase.md */,
			);
			path = UseCases;
			sourceTree = "<group>";
		};
		2ED08C7B273E0648009B4068 /* Data */ = {
			isa = PBXGroup;
			children = (
				2EFA86C52744FA96000B1569 /* UserDefaults */,
				2ED08C7C273E0648009B4068 /* API */,
				2ED08C85273E0648009B4068 /* Gateways */,
			);
			path = Data;
			sourceTree = "<group>";
		};
		2ED08C7C273E0648009B4068 /* API */ = {
			isa = PBXGroup;
			children = (
				2ED08C7D273E0648009B4068 /* APIError.swift */,
				2ED08C7F273E0648009B4068 /* APIInput.swift */,
				2ED08C81273E0648009B4068 /* APIOutput.swift */,
				2ED08C83273E0648009B4068 /* APIService.swift */,
				2EE891E427460DB300196114 /* Api+Login.swift */,
				2E286349274E36BB0006F4F0 /* APIParams.swift */,
			);
			path = API;
			sourceTree = "<group>";
		};
		2ED08C85273E0648009B4068 /* Gateways */ = {
			isa = PBXGroup;
			children = (
				2ED08C86273E0648009B4068 /* GatewaysAssembler.swift */,
				2EE891E8274635DD00196114 /* LoginGateway.swift */,
			);
			path = Gateways;
			sourceTree = "<group>";
		};
		2ED08C88273E0648009B4068 /* Scenes */ = {
			isa = PBXGroup;
			children = (
				2EBC03DA2757829200149374 /* Tabbar */,
				2ED08C89273E0648009B4068 /* Storyboards.swift */,
				2ED08C8B273E0648009B4068 /* App */,
				2ED08D09273E1F3F009B4068 /* Base */,
				2ED08CFE273E183B009B4068 /* Login */,
				2ED08C94273E0648009B4068 /* Main */,
			);
			path = Scenes;
			sourceTree = "<group>";
		};
		2ED08C8B273E0648009B4068 /* App */ = {
			isa = PBXGroup;
			children = (
				2ED08C8C273E0648009B4068 /* AppAssembler.swift */,
				2ED08C8E273E0648009B4068 /* AppNavigator.swift */,
				2ED08C90273E0648009B4068 /* AppUseCase.swift */,
				2ED08C92273E0648009B4068 /* AppViewModel.swift */,
			);
			path = App;
			sourceTree = "<group>";
		};
		2ED08C94273E0648009B4068 /* Main */ = {
			isa = PBXGroup;
			children = (
				2ED08C99273E0648009B4068 /* MainAssembler.swift */,
				2ED08C9B273E0648009B4068 /* MainNavigator.swift */,
				2ED08C9D273E0648009B4068 /* MainUseCase.swift */,
				2ED08C9F273E0648009B4068 /* MainViewController.swift */,
				2ED08CA1273E0648009B4068 /* MainViewModel.swift */,
			);
			path = Main;
			sourceTree = "<group>";
		};
		2ED08CA3273E0648009B4068 /* Extensions */ = {
			isa = PBXGroup;
			children = (
				2ED08D1B273E21C0009B4068 /* UIColor+Ext.swift */,
				2ED08D16273E21BE009B4068 /* UIImage+Ext.swift */,
				2ED08D17273E21BE009B4068 /* UINavigationBar+Ext.swift */,
				2ED08D1C273E21C0009B4068 /* UITableView+Extensions.swift */,
				2ED08D1D273E21C0009B4068 /* UIView+Ext.swift */,
				2ED08CA4273E0648009B4068 /* UIViewController+.swift */,
				2ED08CA6273E0648009B4068 /* UIViewController+Rx.swift */,
				2E85E3072743B32700FF9412 /* UIView+.swift */,
				2EFA86B927448F8A000B1569 /* UIImage+.swift */,
				2E5F81AE274C9D1F00357CDC /* Error+.swift */,
				2E28633B274E2B590006F4F0 /* String+.swift */,
				2E28634B274E37D20006F4F0 /* Date+.swift */,
				2E8E1C5A27560EB900BE04EC /* UIApplication+.swift */,
				2E4706AE2761E67A008B5B6B /* UIPageViewController+Rx.swift */,
			);
			path = Extensions;
			sourceTree = "<group>";
		};
		2ED08CB4273E064C009B4068 /* VOfficeiPhoneNewTests */ = {
			isa = PBXGroup;
			children = (
				2ED08CB5273E064C009B4068 /* VOfficeiPhoneNewTests.swift */,
			);
			path = VOfficeiPhoneNewTests;
			sourceTree = "<group>";
		};
		2ED08CBE273E064C009B4068 /* VOfficeiPhoneNewUITests */ = {
			isa = PBXGroup;
			children = (
				2ED08CBF273E064C009B4068 /* VOfficeiPhoneNewUITests.swift */,
				2ED08CC1273E064C009B4068 /* VOfficeiPhoneNewUITestsLaunchTests.swift */,
			);
			path = VOfficeiPhoneNewUITests;
			sourceTree = "<group>";
		};
		2ED08CD8273E0AE4009B4068 /* Design */ = {
			isa = PBXGroup;
			children = (
				2ED08CD9273E0AFD009B4068 /* Strings.swift */,
				2ED08CDB273E0B1B009B4068 /* Assets.swift */,
				2ED08CDD273E0B29009B4068 /* Fonts.swift */,
				2EFA86BD2744AB91000B1569 /* RxStrings.swift */,
			);
			path = Design;
			sourceTree = "<group>";
		};
		2ED08CEC273E0FDE009B4068 /* Helper */ = {
			isa = PBXGroup;
			children = (
				2E28630F274DE8830006F4F0 /* Util */,
				2ED08D1A273E21BF009B4068 /* BaseComponent.swift */,
				2ED08D18273E21BE009B4068 /* DefaultDesign.swift */,
				2ED08D19273E21BF009B4068 /* ViewModelType.swift */,
				2ED08CED273E0FF5009B4068 /* Localization.swift */,
			);
			path = Helper;
			sourceTree = "<group>";
		};
		2ED08CEF273E16B3009B4068 /* Deployment */ = {
			isa = PBXGroup;
			children = (
				2ED08CDF273E0CFE009B4068 /* .bartycrouch.toml */,
				2ED08CD0273E0A6A009B4068 /* swiftgen.yml */,
				2ED08CD2273E0AC7009B4068 /* custom-colors.stencil */,
				2ED08CD3273E0AC7009B4068 /* custom-images.stencil */,
				2EFA86BB2744A889000B1569 /* custom-rx-strings.stencil */,
				2ED08CD4273E0AC7009B4068 /* custom-strings.stencil */,
			);
			name = Deployment;
			sourceTree = "<group>";
		};
		2ED08CF3273E178A009B4068 /* Resources */ = {
			isa = PBXGroup;
			children = (
				2ED08CA8273E064B009B4068 /* Assets.xcassets */,
				2ED08CAA273E064B009B4068 /* LaunchScreen.storyboard */,
				2ED08CE9273E0F2F009B4068 /* Localizable.strings */,
				2ED08C6B273E0648009B4068 /* .swiftlint.yml */,
			);
			path = Resources;
			sourceTree = "<group>";
		};
		2ED08CFE273E183B009B4068 /* Login */ = {
			isa = PBXGroup;
			children = (
				2ED08CFF273E1854009B4068 /* LoginAssembler.swift */,
				2ED08D00273E1854009B4068 /* LoginNavigator.swift */,
				2ED08D01273E1854009B4068 /* LoginUseCase.swift */,
				2ED08D02273E1854009B4068 /* LoginViewController.swift */,
				2ED08D03273E1854009B4068 /* LoginViewModel.swift */,
			);
			path = Login;
			sourceTree = "<group>";
		};
		2ED08D09273E1F3F009B4068 /* Base */ = {
			isa = PBXGroup;
			children = (
				2ED08D14273E20BC009B4068 /* BaseViewController.swift */,
				2E730F1C2758709000AF6FA4 /* BaseTabBarController.swift */,
				2E4706AB2761DD1C008B5B6B /* BasePageViewController.swift */,
			);
			path = Base;
			sourceTree = "<group>";
		};
		2EE891D82745FB3E00196114 /* Validations */ = {
			isa = PBXGroup;
			children = (
				2EE891D92745FB3E00196114 /* Validation+String.swift */,
				2EE891DA2745FB3E00196114 /* Validation+Collection.swift */,
				2EE891DB2745FB3E00196114 /* Validation+Comparable.swift */,
			);
			path = Validations;
			sourceTree = "<group>";
		};
		2EE891DF2745FB5D00196114 /* Login */ = {
			isa = PBXGroup;
			children = (
				2EE891E02745FB5D00196114 /* LoggingIn.swift */,
				2EE891E12745FB5D00196114 /* LoginDto.swift */,
			);
			path = Login;
			sourceTree = "<group>";
		};
		2EFA86BF2744B403000B1569 /* scripts */ = {
			isa = PBXGroup;
			children = (
				2EFA86C02744B403000B1569 /* run-swiftgen.sh */,
				2EFA86C12744B403000B1569 /* localizable-dups.rb */,
			);
			path = scripts;
			sourceTree = "<group>";
		};
		2EFA86C52744FA96000B1569 /* UserDefaults */ = {
			isa = PBXGroup;
			children = (
				2EFA86C62744FB13000B1569 /* AppSettings.swift */,
				2EFA86C82744FB37000B1569 /* CacheStorage.swift */,
				2EFA86CA2744FB57000B1569 /* Storage.swift */,
			);
			path = UserDefaults;
			sourceTree = "<group>";
		};
		3E776D0257FEAFB85AAEAFF2 /* Frameworks */ = {
			isa = PBXGroup;
			children = (
				2E8D76CF274F7A110050CB8D /* RsaSignner.xcframework */,
				32EE20DBD60044F6806E0276 /* Pods_VOfficeiPhoneNew.framework */,
				08693761741B2E9C00085763 /* Pods_VOfficeiPhoneNewTests.framework */,
			);
			name = Frameworks;
			sourceTree = "<group>";
		};
/* End PBXGroup section */

/* Begin PBXNativeTarget section */
		2ED08C63273E0648009B4068 /* VOfficeiPhoneNew */ = {
			isa = PBXNativeTarget;
			buildConfigurationList = 2ED08CC5273E064C009B4068 /* Build configuration list for PBXNativeTarget "VOfficeiPhoneNew" */;
			buildPhases = (
				67ED4C2DD12EE25A799E4BF9 /* [CP] Check Pods Manifest.lock */,
				2ED08CE1273E0D64009B4068 /* Bartycrouch */,
				2ED08CCE273E09A4009B4068 /* SwiftGen */,
				2ED08C60273E0648009B4068 /* Sources */,
				2ED08C61273E0648009B4068 /* Frameworks */,
				2ED08C62273E0648009B4068 /* Resources */,
				2B5E58E7104D9DA33E081D65 /* [CP] Embed Pods Frameworks */,
				2E28631A274E1DF00006F4F0 /* Embed Frameworks */,
			);
			buildRules = (
			);
			dependencies = (
			);
			name = VOfficeiPhoneNew;
			productName = VOfficeiPhoneNew;
			productReference = 2ED08C64273E0648009B4068 /* VOfficeiPhoneNew.app */;
			productType = "com.apple.product-type.application";
		};
		2ED08CB0273E064C009B4068 /* VOfficeiPhoneNewTests */ = {
			isa = PBXNativeTarget;
			buildConfigurationList = 2ED08CC8273E064C009B4068 /* Build configuration list for PBXNativeTarget "VOfficeiPhoneNewTests" */;
			buildPhases = (
				491205D36851B7A16CEF258E /* [CP] Check Pods Manifest.lock */,
				2ED08CAD273E064C009B4068 /* Sources */,
				2ED08CAE273E064C009B4068 /* Frameworks */,
				2ED08CAF273E064C009B4068 /* Resources */,
				1F7C8939F041028BE1566E75 /* [CP] Embed Pods Frameworks */,
			);
			buildRules = (
			);
			dependencies = (
				2ED08CB3273E064C009B4068 /* PBXTargetDependency */,
			);
			name = VOfficeiPhoneNewTests;
			productName = VOfficeiPhoneNewTests;
			productReference = 2ED08CB1273E064C009B4068 /* VOfficeiPhoneNewTests.xctest */;
			productType = "com.apple.product-type.bundle.unit-test";
		};
		2ED08CBA273E064C009B4068 /* VOfficeiPhoneNewUITests */ = {
			isa = PBXNativeTarget;
			buildConfigurationList = 2ED08CCB273E064C009B4068 /* Build configuration list for PBXNativeTarget "VOfficeiPhoneNewUITests" */;
			buildPhases = (
				2ED08CB7273E064C009B4068 /* Sources */,
				2ED08CB8273E064C009B4068 /* Frameworks */,
				2ED08CB9273E064C009B4068 /* Resources */,
			);
			buildRules = (
			);
			dependencies = (
				2ED08CBD273E064C009B4068 /* PBXTargetDependency */,
			);
			name = VOfficeiPhoneNewUITests;
			productName = VOfficeiPhoneNewUITests;
			productReference = 2ED08CBB273E064C009B4068 /* VOfficeiPhoneNewUITests.xctest */;
			productType = "com.apple.product-type.bundle.ui-testing";
		};
/* End PBXNativeTarget section */

/* Begin PBXProject section */
		2ED08C5C273E0648009B4068 /* Project object */ = {
			isa = PBXProject;
			attributes = {
				BuildIndependentTargetsInParallel = 1;
				LastSwiftUpdateCheck = 1310;
				LastUpgradeCheck = 1310;
				TargetAttributes = {
					2ED08C63273E0648009B4068 = {
						CreatedOnToolsVersion = 13.1;
					};
					2ED08CB0273E064C009B4068 = {
						CreatedOnToolsVersion = 13.1;
						TestTargetID = 2ED08C63273E0648009B4068;
					};
					2ED08CBA273E064C009B4068 = {
						CreatedOnToolsVersion = 13.1;
						TestTargetID = 2ED08C63273E0648009B4068;
					};
				};
			};
			buildConfigurationList = 2ED08C5F273E0648009B4068 /* Build configuration list for PBXProject "VOfficeiPhoneNew" */;
			compatibilityVersion = "Xcode 13.0";
			developmentRegion = en;
			hasScannedForEncodings = 0;
			knownRegions = (
				en,
				Base,
				vi,
			);
			mainGroup = 2ED08C5B273E0648009B4068;
			productRefGroup = 2ED08C65273E0648009B4068 /* Products */;
			projectDirPath = "";
			projectRoot = "";
			targets = (
				2ED08C63273E0648009B4068 /* VOfficeiPhoneNew */,
				2ED08CB0273E064C009B4068 /* VOfficeiPhoneNewTests */,
				2ED08CBA273E064C009B4068 /* VOfficeiPhoneNewUITests */,
			);
		};
/* End PBXProject section */

/* Begin PBXResourcesBuildPhase section */
		2ED08C62273E0648009B4068 /* Resources */ = {
			isa = PBXResourcesBuildPhase;
			buildActionMask = 2147483647;
			files = (
				2ED08CD7273E0AC8009B4068 /* custom-strings.stencil in Resources */,
				2ED08CE7273E0F2F009B4068 /* Localizable.strings in Resources */,
				2EFA86C32744B403000B1569 /* localizable-dups.rb in Resources */,
				2ED08C77273E0648009B4068 /* Entity.md in Resources */,
				2EFA86C22744B403000B1569 /* run-swiftgen.sh in Resources */,
				2ED08CD1273E0A6A009B4068 /* swiftgen.yml in Resources */,
				2ED08CE0273E0CFE009B4068 /* .bartycrouch.toml in Resources */,
				2EFA86BC2744A889000B1569 /* custom-rx-strings.stencil in Resources */,
				2ED08C6C273E0648009B4068 /* .swiftlint.yml in Resources */,
				2ED08C7A273E0648009B4068 /* UseCase.md in Resources */,
				2ED08CD6273E0AC8009B4068 /* custom-images.stencil in Resources */,
				2ED08CAC273E064B009B4068 /* LaunchScreen.storyboard in Resources */,
				2ED08CA9273E064B009B4068 /* Assets.xcassets in Resources */,
				2ED08C6A273E0648009B4068 /* Podfile in Resources */,
				2ED08CD5273E0AC8009B4068 /* custom-colors.stencil in Resources */,
			);
			runOnlyForDeploymentPostprocessing = 0;
		};
		2ED08CAF273E064C009B4068 /* Resources */ = {
			isa = PBXResourcesBuildPhase;
			buildActionMask = 2147483647;
			files = (
			);
			runOnlyForDeploymentPostprocessing = 0;
		};
		2ED08CB9273E064C009B4068 /* Resources */ = {
			isa = PBXResourcesBuildPhase;
			buildActionMask = 2147483647;
			files = (
			);
			runOnlyForDeploymentPostprocessing = 0;
		};
/* End PBXResourcesBuildPhase section */

/* Begin PBXShellScriptBuildPhase section */
		1F7C8939F041028BE1566E75 /* [CP] Embed Pods Frameworks */ = {
			isa = PBXShellScriptBuildPhase;
			buildActionMask = 2147483647;
			files = (
			);
			inputFileListPaths = (
				"${PODS_ROOT}/Target Support Files/Pods-VOfficeiPhoneNewTests/Pods-VOfficeiPhoneNewTests-frameworks-${CONFIGURATION}-input-files.xcfilelist",
			);
			name = "[CP] Embed Pods Frameworks";
			outputFileListPaths = (
				"${PODS_ROOT}/Target Support Files/Pods-VOfficeiPhoneNewTests/Pods-VOfficeiPhoneNewTests-frameworks-${CONFIGURATION}-output-files.xcfilelist",
			);
			runOnlyForDeploymentPostprocessing = 0;
			shellPath = /bin/sh;
			shellScript = "\"${PODS_ROOT}/Target Support Files/Pods-VOfficeiPhoneNewTests/Pods-VOfficeiPhoneNewTests-frameworks.sh\"\n";
			showEnvVarsInLog = 0;
		};
		2B5E58E7104D9DA33E081D65 /* [CP] Embed Pods Frameworks */ = {
			isa = PBXShellScriptBuildPhase;
			buildActionMask = 2147483647;
			files = (
			);
			inputFileListPaths = (
				"${PODS_ROOT}/Target Support Files/Pods-VOfficeiPhoneNew/Pods-VOfficeiPhoneNew-frameworks-${CONFIGURATION}-input-files.xcfilelist",
			);
			name = "[CP] Embed Pods Frameworks";
			outputFileListPaths = (
				"${PODS_ROOT}/Target Support Files/Pods-VOfficeiPhoneNew/Pods-VOfficeiPhoneNew-frameworks-${CONFIGURATION}-output-files.xcfilelist",
			);
			runOnlyForDeploymentPostprocessing = 0;
			shellPath = /bin/sh;
			shellScript = "\"${PODS_ROOT}/Target Support Files/Pods-VOfficeiPhoneNew/Pods-VOfficeiPhoneNew-frameworks.sh\"\n";
			showEnvVarsInLog = 0;
		};
		2ED08CCE273E09A4009B4068 /* SwiftGen */ = {
			isa = PBXShellScriptBuildPhase;
			buildActionMask = 2147483647;
			files = (
			);
			inputFileListPaths = (
			);
			inputPaths = (
			);
			name = SwiftGen;
			outputFileListPaths = (
			);
			outputPaths = (
			);
			runOnlyForDeploymentPostprocessing = 0;
			shellPath = /bin/sh;
			shellScript = "if [ \"${CONFIGURATION}\" = \"Debug\" ]; then\n    $SRCROOT/VOfficeiPhoneNew/scripts/run-swiftgen.sh\nfi\n";
		};
		2ED08CE1273E0D64009B4068 /* Bartycrouch */ = {
			isa = PBXShellScriptBuildPhase;
			buildActionMask = 2147483647;
			files = (
			);
			inputFileListPaths = (
			);
			inputPaths = (
			);
			name = Bartycrouch;
			outputFileListPaths = (
			);
			outputPaths = (
			);
			runOnlyForDeploymentPostprocessing = 0;
			shellPath = /bin/sh;
			shellScript = "if [[ $PATH == *\"/usr/local/bin/\"* ]]; then\n    echo \"Local bin is found in path\"\nelse\n    export PATH=\"$PATH:/usr/local/bin/\"\nfi\nif which bartycrouch > /dev/null; then\n    bartycrouch update -v -x\n    bartycrouch lint -x\nelse\n    if which brew > /dev/null; then\n        brew install bartycrouch\n        bartycrouch update -x\n        bartycrouch lint -x\n    else\n        echo \"error: BartyCrouch and Homebrew not installed. Install Homebrew then run 'brew install bartycrouch'\"\n    fi\nfi\n";
		};
		491205D36851B7A16CEF258E /* [CP] Check Pods Manifest.lock */ = {
			isa = PBXShellScriptBuildPhase;
			buildActionMask = 2147483647;
			files = (
			);
			inputFileListPaths = (
			);
			inputPaths = (
				"${PODS_PODFILE_DIR_PATH}/Podfile.lock",
				"${PODS_ROOT}/Manifest.lock",
			);
			name = "[CP] Check Pods Manifest.lock";
			outputFileListPaths = (
			);
			outputPaths = (
				"$(DERIVED_FILE_DIR)/Pods-VOfficeiPhoneNewTests-checkManifestLockResult.txt",
			);
			runOnlyForDeploymentPostprocessing = 0;
			shellPath = /bin/sh;
			shellScript = "diff \"${PODS_PODFILE_DIR_PATH}/Podfile.lock\" \"${PODS_ROOT}/Manifest.lock\" > /dev/null\nif [ $? != 0 ] ; then\n    # print error to STDERR\n    echo \"error: The sandbox is not in sync with the Podfile.lock. Run 'pod install' or update your CocoaPods installation.\" >&2\n    exit 1\nfi\n# This output is used by Xcode 'outputs' to avoid re-running this script phase.\necho \"SUCCESS\" > \"${SCRIPT_OUTPUT_FILE_0}\"\n";
			showEnvVarsInLog = 0;
		};
		67ED4C2DD12EE25A799E4BF9 /* [CP] Check Pods Manifest.lock */ = {
			isa = PBXShellScriptBuildPhase;
			buildActionMask = 2147483647;
			files = (
			);
			inputFileListPaths = (
			);
			inputPaths = (
				"${PODS_PODFILE_DIR_PATH}/Podfile.lock",
				"${PODS_ROOT}/Manifest.lock",
			);
			name = "[CP] Check Pods Manifest.lock";
			outputFileListPaths = (
			);
			outputPaths = (
				"$(DERIVED_FILE_DIR)/Pods-VOfficeiPhoneNew-checkManifestLockResult.txt",
			);
			runOnlyForDeploymentPostprocessing = 0;
			shellPath = /bin/sh;
			shellScript = "diff \"${PODS_PODFILE_DIR_PATH}/Podfile.lock\" \"${PODS_ROOT}/Manifest.lock\" > /dev/null\nif [ $? != 0 ] ; then\n    # print error to STDERR\n    echo \"error: The sandbox is not in sync with the Podfile.lock. Run 'pod install' or update your CocoaPods installation.\" >&2\n    exit 1\nfi\n# This output is used by Xcode 'outputs' to avoid re-running this script phase.\necho \"SUCCESS\" > \"${SCRIPT_OUTPUT_FILE_0}\"\n";
			showEnvVarsInLog = 0;
		};
/* End PBXShellScriptBuildPhase section */

/* Begin PBXSourcesBuildPhase section */
		2ED08C60273E0648009B4068 /* Sources */ = {
			isa = PBXSourcesBuildPhase;
			buildActionMask = 2147483647;
			files = (
				2ED08D20273E21C1009B4068 /* UINavigationBar+Ext.swift in Sources */,
				2ED08C73273E0648009B4068 /* APIUrls.swift in Sources */,
				2ED08CDC273E0B1B009B4068 /* Assets.swift in Sources */,
				2EE891DC2745FB3E00196114 /* Validation+String.swift in Sources */,
				2ED08C9A273E0648009B4068 /* MainAssembler.swift in Sources */,
				2E8B80552750C31300897DB9 /* User.swift in Sources */,
				2E85E3082743B32700FF9412 /* UIView+.swift in Sources */,
				2ED08C80273E0648009B4068 /* APIInput.swift in Sources */,
				2EE891DD2745FB3E00196114 /* Validation+Collection.swift in Sources */,
				2ED08D15273E20BC009B4068 /* BaseViewController.swift in Sources */,
				2ED08C93273E0648009B4068 /* AppViewModel.swift in Sources */,
				2ED08D07273E1854009B4068 /* LoginViewController.swift in Sources */,
				2ED08CA0273E0648009B4068 /* MainViewController.swift in Sources */,
				2ED08CEE273E0FF5009B4068 /* Localization.swift in Sources */,
				2E4706AC2761DD1C008B5B6B /* BasePageViewController.swift in Sources */,
				2EE891E22745FB5D00196114 /* LoggingIn.swift in Sources */,
				2E730F26275873B900AF6FA4 /* DocumentViewController.swift in Sources */,
				2ED08D24273E21C1009B4068 /* UIColor+Ext.swift in Sources */,
				2ED08D1F273E21C1009B4068 /* UIImage+Ext.swift in Sources */,
				2E28634A274E36BB0006F4F0 /* APIParams.swift in Sources */,
				2ED08D08273E1854009B4068 /* LoginViewModel.swift in Sources */,
				2EFA86CB2744FB57000B1569 /* Storage.swift in Sources */,
				2E8E1C5B27560EB900BE04EC /* UIApplication+.swift in Sources */,
				2EE891E72746327D00196114 /* RSAKey.swift in Sources */,
				2ED08D23273E21C1009B4068 /* BaseComponent.swift in Sources */,
				2E28634C274E37D20006F4F0 /* Date+.swift in Sources */,
				2ED08C70273E0648009B4068 /* UnitTestViewController.swift in Sources */,
				2ED08D25273E21C1009B4068 /* UITableView+Extensions.swift in Sources */,
				2ED08D22273E21C1009B4068 /* ViewModelType.swift in Sources */,
				2E730F1D2758709000AF6FA4 /* BaseTabBarController.swift in Sources */,
				2E730F24275873B900AF6FA4 /* DocumentNavigator.swift in Sources */,
				2ED08C91273E0648009B4068 /* AppUseCase.swift in Sources */,
				2E730F292758789700AF6FA4 /* Tabbar+Pageview.swift in Sources */,
				2ED08C6E273E0648009B4068 /* Assembler.swift in Sources */,
				2ED08D04273E1854009B4068 /* LoginAssembler.swift in Sources */,
				2E28633C274E2B590006F4F0 /* String+.swift in Sources */,
				2ED08D06273E1854009B4068 /* LoginUseCase.swift in Sources */,
				2EE891E9274635DD00196114 /* LoginGateway.swift in Sources */,
				2ED08C9E273E0648009B4068 /* MainUseCase.swift in Sources */,
				2ED08D05273E1854009B4068 /* LoginNavigator.swift in Sources */,
				2ED08C87273E0648009B4068 /* GatewaysAssembler.swift in Sources */,
				2ED08C8F273E0648009B4068 /* AppNavigator.swift in Sources */,
				2ED08C9C273E0648009B4068 /* MainNavigator.swift in Sources */,
				2EE891E32745FB5D00196114 /* LoginDto.swift in Sources */,
				2E730F23275873B900AF6FA4 /* DocumentAssembler.swift in Sources */,
				2E4706AF2761E67A008B5B6B /* UIPageViewController+Rx.swift in Sources */,
				2ED08CDA273E0AFD009B4068 /* Strings.swift in Sources */,
				2ED08D21273E21C1009B4068 /* DefaultDesign.swift in Sources */,
				2E5F81AF274C9D1F00357CDC /* Error+.swift in Sources */,
				2EFA86BA27448F8A000B1569 /* UIImage+.swift in Sources */,
				2EBC03D627572EDD00149374 /* Config.swift in Sources */,
				2EE891E527460DB300196114 /* Api+Login.swift in Sources */,
				2ED08C82273E0648009B4068 /* APIOutput.swift in Sources */,
				2EE891DE2745FB3E00196114 /* Validation+Comparable.swift in Sources */,
				2ED08CA5273E0648009B4068 /* UIViewController+.swift in Sources */,
				2ED08CDE273E0B29009B4068 /* Fonts.swift in Sources */,
				2E730F25275873B900AF6FA4 /* DocumentUseCase.swift in Sources */,
				2ED08C8D273E0648009B4068 /* AppAssembler.swift in Sources */,
				2E730F27275873B900AF6FA4 /* DocumentViewModel.swift in Sources */,
				2EFA86C92744FB37000B1569 /* CacheStorage.swift in Sources */,
				2ED08CA2273E0648009B4068 /* MainViewModel.swift in Sources */,
				2ED08C8A273E0648009B4068 /* Storyboards.swift in Sources */,
				2ED08C7E273E0648009B4068 /* APIError.swift in Sources */,
				2E348D5D274B994900F76E20 /* Constant.swift in Sources */,
				2ED08D26273E21C1009B4068 /* UIView+Ext.swift in Sources */,
				2EFA86BE2744AB91000B1569 /* RxStrings.swift in Sources */,
				2EFA86C72744FB13000B1569 /* AppSettings.swift in Sources */,
				2ED08C84273E0648009B4068 /* APIService.swift in Sources */,
				2ED08CA7273E0648009B4068 /* UIViewController+Rx.swift in Sources */,
				2ED08C68273E0648009B4068 /* AppDelegate.swift in Sources */,
			);
			runOnlyForDeploymentPostprocessing = 0;
		};
		2ED08CAD273E064C009B4068 /* Sources */ = {
			isa = PBXSourcesBuildPhase;
			buildActionMask = 2147483647;
			files = (
				2ED08CB6273E064C009B4068 /* VOfficeiPhoneNewTests.swift in Sources */,
			);
			runOnlyForDeploymentPostprocessing = 0;
		};
		2ED08CB7273E064C009B4068 /* Sources */ = {
			isa = PBXSourcesBuildPhase;
			buildActionMask = 2147483647;
			files = (
				2ED08CC0273E064C009B4068 /* VOfficeiPhoneNewUITests.swift in Sources */,
				2ED08CC2273E064C009B4068 /* VOfficeiPhoneNewUITestsLaunchTests.swift in Sources */,
			);
			runOnlyForDeploymentPostprocessing = 0;
		};
/* End PBXSourcesBuildPhase section */

/* Begin PBXTargetDependency section */
		2ED08CB3273E064C009B4068 /* PBXTargetDependency */ = {
			isa = PBXTargetDependency;
			target = 2ED08C63273E0648009B4068 /* VOfficeiPhoneNew */;
			targetProxy = 2ED08CB2273E064C009B4068 /* PBXContainerItemProxy */;
		};
		2ED08CBD273E064C009B4068 /* PBXTargetDependency */ = {
			isa = PBXTargetDependency;
			target = 2ED08C63273E0648009B4068 /* VOfficeiPhoneNew */;
			targetProxy = 2ED08CBC273E064C009B4068 /* PBXContainerItemProxy */;
		};
/* End PBXTargetDependency section */

/* Begin PBXVariantGroup section */
		2ED08CAA273E064B009B4068 /* LaunchScreen.storyboard */ = {
			isa = PBXVariantGroup;
			children = (
				2ED08CAB273E064B009B4068 /* Base */,
				2ED08CEA273E0F42009B4068 /* vi */,
			);
			name = LaunchScreen.storyboard;
			sourceTree = "<group>";
		};
		2ED08CE9273E0F2F009B4068 /* Localizable.strings */ = {
			isa = PBXVariantGroup;
			children = (
				2ED08CE8273E0F2F009B4068 /* en */,
				2ED08CEB273E0F43009B4068 /* vi */,
			);
			name = Localizable.strings;
			sourceTree = "<group>";
		};
/* End PBXVariantGroup section */

/* Begin XCBuildConfiguration section */
		2ED08CC3273E064C009B4068 /* Debug */ = {
			isa = XCBuildConfiguration;
			buildSettings = {
				ALWAYS_SEARCH_USER_PATHS = NO;
				CLANG_ANALYZER_LOCALIZABILITY_NONLOCALIZED = YES;
				CLANG_ANALYZER_NONNULL = YES;
				CLANG_ANALYZER_NUMBER_OBJECT_CONVERSION = YES_AGGRESSIVE;
				CLANG_CXX_LANGUAGE_STANDARD = "gnu++17";
				CLANG_CXX_LIBRARY = "libc++";
				CLANG_ENABLE_MODULES = YES;
				CLANG_ENABLE_OBJC_ARC = YES;
				CLANG_ENABLE_OBJC_WEAK = YES;
				CLANG_WARN_BLOCK_CAPTURE_AUTORELEASING = YES;
				CLANG_WARN_BOOL_CONVERSION = YES;
				CLANG_WARN_COMMA = YES;
				CLANG_WARN_CONSTANT_CONVERSION = YES;
				CLANG_WARN_DEPRECATED_OBJC_IMPLEMENTATIONS = YES;
				CLANG_WARN_DIRECT_OBJC_ISA_USAGE = YES_ERROR;
				CLANG_WARN_DOCUMENTATION_COMMENTS = YES;
				CLANG_WARN_EMPTY_BODY = YES;
				CLANG_WARN_ENUM_CONVERSION = YES;
				CLANG_WARN_INFINITE_RECURSION = YES;
				CLANG_WARN_INT_CONVERSION = YES;
				CLANG_WARN_NON_LITERAL_NULL_CONVERSION = YES;
				CLANG_WARN_OBJC_IMPLICIT_RETAIN_SELF = YES;
				CLANG_WARN_OBJC_LITERAL_CONVERSION = YES;
				CLANG_WARN_OBJC_ROOT_CLASS = YES_ERROR;
				CLANG_WARN_QUOTED_INCLUDE_IN_FRAMEWORK_HEADER = YES;
				CLANG_WARN_RANGE_LOOP_ANALYSIS = YES;
				CLANG_WARN_STRICT_PROTOTYPES = YES;
				CLANG_WARN_SUSPICIOUS_MOVE = YES;
				CLANG_WARN_UNGUARDED_AVAILABILITY = YES_AGGRESSIVE;
				CLANG_WARN_UNREACHABLE_CODE = YES;
				CLANG_WARN__DUPLICATE_METHOD_MATCH = YES;
				COPY_PHASE_STRIP = NO;
				DEBUG_INFORMATION_FORMAT = dwarf;
				ENABLE_STRICT_OBJC_MSGSEND = YES;
				ENABLE_TESTABILITY = YES;
				GCC_C_LANGUAGE_STANDARD = gnu11;
				GCC_DYNAMIC_NO_PIC = NO;
				GCC_NO_COMMON_BLOCKS = YES;
				GCC_OPTIMIZATION_LEVEL = 0;
				GCC_PREPROCESSOR_DEFINITIONS = (
					"DEBUG=1",
					"$(inherited)",
				);
				GCC_WARN_64_TO_32_BIT_CONVERSION = YES;
				GCC_WARN_ABOUT_RETURN_TYPE = YES_ERROR;
				GCC_WARN_UNDECLARED_SELECTOR = YES;
				GCC_WARN_UNINITIALIZED_AUTOS = YES_AGGRESSIVE;
				GCC_WARN_UNUSED_FUNCTION = YES;
				GCC_WARN_UNUSED_VARIABLE = YES;
				IPHONEOS_DEPLOYMENT_TARGET = 15.0;
				MTL_ENABLE_DEBUG_INFO = INCLUDE_SOURCE;
				MTL_FAST_MATH = YES;
				ONLY_ACTIVE_ARCH = YES;
				SDKROOT = iphoneos;
				SWIFT_ACTIVE_COMPILATION_CONDITIONS = DEBUG;
				SWIFT_OPTIMIZATION_LEVEL = "-Onone";
			};
			name = Debug;
		};
		2ED08CC4273E064C009B4068 /* Release */ = {
			isa = XCBuildConfiguration;
			buildSettings = {
				ALWAYS_SEARCH_USER_PATHS = NO;
				CLANG_ANALYZER_LOCALIZABILITY_NONLOCALIZED = YES;
				CLANG_ANALYZER_NONNULL = YES;
				CLANG_ANALYZER_NUMBER_OBJECT_CONVERSION = YES_AGGRESSIVE;
				CLANG_CXX_LANGUAGE_STANDARD = "gnu++17";
				CLANG_CXX_LIBRARY = "libc++";
				CLANG_ENABLE_MODULES = YES;
				CLANG_ENABLE_OBJC_ARC = YES;
				CLANG_ENABLE_OBJC_WEAK = YES;
				CLANG_WARN_BLOCK_CAPTURE_AUTORELEASING = YES;
				CLANG_WARN_BOOL_CONVERSION = YES;
				CLANG_WARN_COMMA = YES;
				CLANG_WARN_CONSTANT_CONVERSION = YES;
				CLANG_WARN_DEPRECATED_OBJC_IMPLEMENTATIONS = YES;
				CLANG_WARN_DIRECT_OBJC_ISA_USAGE = YES_ERROR;
				CLANG_WARN_DOCUMENTATION_COMMENTS = YES;
				CLANG_WARN_EMPTY_BODY = YES;
				CLANG_WARN_ENUM_CONVERSION = YES;
				CLANG_WARN_INFINITE_RECURSION = YES;
				CLANG_WARN_INT_CONVERSION = YES;
				CLANG_WARN_NON_LITERAL_NULL_CONVERSION = YES;
				CLANG_WARN_OBJC_IMPLICIT_RETAIN_SELF = YES;
				CLANG_WARN_OBJC_LITERAL_CONVERSION = YES;
				CLANG_WARN_OBJC_ROOT_CLASS = YES_ERROR;
				CLANG_WARN_QUOTED_INCLUDE_IN_FRAMEWORK_HEADER = YES;
				CLANG_WARN_RANGE_LOOP_ANALYSIS = YES;
				CLANG_WARN_STRICT_PROTOTYPES = YES;
				CLANG_WARN_SUSPICIOUS_MOVE = YES;
				CLANG_WARN_UNGUARDED_AVAILABILITY = YES_AGGRESSIVE;
				CLANG_WARN_UNREACHABLE_CODE = YES;
				CLANG_WARN__DUPLICATE_METHOD_MATCH = YES;
				COPY_PHASE_STRIP = NO;
				DEBUG_INFORMATION_FORMAT = "dwarf-with-dsym";
				ENABLE_NS_ASSERTIONS = NO;
				ENABLE_STRICT_OBJC_MSGSEND = YES;
				GCC_C_LANGUAGE_STANDARD = gnu11;
				GCC_NO_COMMON_BLOCKS = YES;
				GCC_WARN_64_TO_32_BIT_CONVERSION = YES;
				GCC_WARN_ABOUT_RETURN_TYPE = YES_ERROR;
				GCC_WARN_UNDECLARED_SELECTOR = YES;
				GCC_WARN_UNINITIALIZED_AUTOS = YES_AGGRESSIVE;
				GCC_WARN_UNUSED_FUNCTION = YES;
				GCC_WARN_UNUSED_VARIABLE = YES;
				IPHONEOS_DEPLOYMENT_TARGET = 15.0;
				MTL_ENABLE_DEBUG_INFO = NO;
				MTL_FAST_MATH = YES;
				SDKROOT = iphoneos;
				SWIFT_COMPILATION_MODE = wholemodule;
				SWIFT_OPTIMIZATION_LEVEL = "-O";
				VALIDATE_PRODUCT = YES;
			};
			name = Release;
		};
		2ED08CC6273E064C009B4068 /* Debug */ = {
			isa = XCBuildConfiguration;
			baseConfigurationReference = A49BC69D95D6298874AA0E33 /* Pods-VOfficeiPhoneNew.debug.xcconfig */;
			buildSettings = {
				ASSETCATALOG_COMPILER_APPICON_NAME = AppIcon;
				ASSETCATALOG_COMPILER_GLOBAL_ACCENT_COLOR_NAME = AccentColor;
				CODE_SIGN_STYLE = Automatic;
				CURRENT_PROJECT_VERSION = 1;
				DEVELOPMENT_TEAM = 3267Z52VP5;
				FRAMEWORK_SEARCH_PATHS = (
					"$(inherited)",
					"$(PROJECT_DIR)",
				);
				GCC_PREPROCESSOR_DEFINITIONS = (
					"COCOAPODS=1",
					"BETA=1",
				);
				GENERATE_INFOPLIST_FILE = YES;
				INFOPLIST_KEY_UIApplicationSupportsIndirectInputEvents = YES;
				INFOPLIST_KEY_UILaunchStoryboardName = LaunchScreen;
				INFOPLIST_KEY_UISupportedInterfaceOrientations_iPad = "UIInterfaceOrientationPortrait UIInterfaceOrientationPortraitUpsideDown UIInterfaceOrientationLandscapeLeft UIInterfaceOrientationLandscapeRight";
				INFOPLIST_KEY_UISupportedInterfaceOrientations_iPhone = "UIInterfaceOrientationPortrait UIInterfaceOrientationLandscapeLeft UIInterfaceOrientationLandscapeRight";
				IPHONEOS_DEPLOYMENT_TARGET = 13.0;
				LD_RUNPATH_SEARCH_PATHS = (
					"$(inherited)",
					"@executable_path/Frameworks",
				);
				MARKETING_VERSION = 1.0;
				PRODUCT_BUNDLE_IDENTIFIER = com.viettel.VOfficeiPhoneNew;
				PRODUCT_NAME = "$(TARGET_NAME)";
				SWIFT_EMIT_LOC_STRINGS = YES;
				SWIFT_VERSION = 5.0;
				TARGETED_DEVICE_FAMILY = 1;
				VALIDATE_WORKSPACE = YES;
			};
			name = Debug;
		};
		2ED08CC7273E064C009B4068 /* Release */ = {
			isa = XCBuildConfiguration;
			baseConfigurationReference = E59D116E87A44BFAC72A5B8E /* Pods-VOfficeiPhoneNew.release.xcconfig */;
			buildSettings = {
				ASSETCATALOG_COMPILER_APPICON_NAME = AppIcon;
				ASSETCATALOG_COMPILER_GLOBAL_ACCENT_COLOR_NAME = AccentColor;
				CODE_SIGN_STYLE = Automatic;
				CURRENT_PROJECT_VERSION = 1;
				DEVELOPMENT_TEAM = 3267Z52VP5;
				FRAMEWORK_SEARCH_PATHS = (
					"$(inherited)",
					"$(PROJECT_DIR)",
				);
				GENERATE_INFOPLIST_FILE = YES;
				INFOPLIST_KEY_UIApplicationSupportsIndirectInputEvents = YES;
				INFOPLIST_KEY_UILaunchStoryboardName = LaunchScreen;
				INFOPLIST_KEY_UISupportedInterfaceOrientations_iPad = "UIInterfaceOrientationPortrait UIInterfaceOrientationPortraitUpsideDown UIInterfaceOrientationLandscapeLeft UIInterfaceOrientationLandscapeRight";
				INFOPLIST_KEY_UISupportedInterfaceOrientations_iPhone = "UIInterfaceOrientationPortrait UIInterfaceOrientationLandscapeLeft UIInterfaceOrientationLandscapeRight";
				IPHONEOS_DEPLOYMENT_TARGET = 13.0;
				LD_RUNPATH_SEARCH_PATHS = (
					"$(inherited)",
					"@executable_path/Frameworks",
				);
				MARKETING_VERSION = 1.0;
				PRODUCT_BUNDLE_IDENTIFIER = com.viettel.VOfficeiPhoneNew;
				PRODUCT_NAME = "$(TARGET_NAME)";
				SWIFT_EMIT_LOC_STRINGS = YES;
				SWIFT_VERSION = 5.0;
				TARGETED_DEVICE_FAMILY = 1;
				VALIDATE_WORKSPACE = YES;
			};
			name = Release;
		};
		2ED08CC9273E064C009B4068 /* Debug */ = {
			isa = XCBuildConfiguration;
			baseConfigurationReference = 18BB51A61CDB2718B73647D4 /* Pods-VOfficeiPhoneNewTests.debug.xcconfig */;
			buildSettings = {
				ALWAYS_EMBED_SWIFT_STANDARD_LIBRARIES = YES;
				BUNDLE_LOADER = "$(TEST_HOST)";
				CODE_SIGN_STYLE = Automatic;
				CURRENT_PROJECT_VERSION = 1;
				DEVELOPMENT_TEAM = 3267Z52VP5;
				GENERATE_INFOPLIST_FILE = YES;
				IPHONEOS_DEPLOYMENT_TARGET = 15.0;
				LD_RUNPATH_SEARCH_PATHS = (
					"$(inherited)",
					"@executable_path/Frameworks",
					"@loader_path/Frameworks",
				);
				MARKETING_VERSION = 1.0;
				PRODUCT_BUNDLE_IDENTIFIER = com.viettel.VOfficeiPhoneNewTests;
				PRODUCT_NAME = "$(TARGET_NAME)";
				SWIFT_EMIT_LOC_STRINGS = NO;
				SWIFT_VERSION = 5.0;
				TARGETED_DEVICE_FAMILY = "1,2";
				TEST_HOST = "$(BUILT_PRODUCTS_DIR)/VOfficeiPhoneNew.app/VOfficeiPhoneNew";
			};
			name = Debug;
		};
		2ED08CCA273E064C009B4068 /* Release */ = {
			isa = XCBuildConfiguration;
			baseConfigurationReference = 595000CBC51DFCA878942911 /* Pods-VOfficeiPhoneNewTests.release.xcconfig */;
			buildSettings = {
				ALWAYS_EMBED_SWIFT_STANDARD_LIBRARIES = YES;
				BUNDLE_LOADER = "$(TEST_HOST)";
				CODE_SIGN_STYLE = Automatic;
				CURRENT_PROJECT_VERSION = 1;
				DEVELOPMENT_TEAM = 3267Z52VP5;
				GENERATE_INFOPLIST_FILE = YES;
				IPHONEOS_DEPLOYMENT_TARGET = 15.0;
				LD_RUNPATH_SEARCH_PATHS = (
					"$(inherited)",
					"@executable_path/Frameworks",
					"@loader_path/Frameworks",
				);
				MARKETING_VERSION = 1.0;
				PRODUCT_BUNDLE_IDENTIFIER = com.viettel.VOfficeiPhoneNewTests;
				PRODUCT_NAME = "$(TARGET_NAME)";
				SWIFT_EMIT_LOC_STRINGS = NO;
				SWIFT_VERSION = 5.0;
				TARGETED_DEVICE_FAMILY = "1,2";
				TEST_HOST = "$(BUILT_PRODUCTS_DIR)/VOfficeiPhoneNew.app/VOfficeiPhoneNew";
			};
			name = Release;
		};
		2ED08CCC273E064C009B4068 /* Debug */ = {
			isa = XCBuildConfiguration;
			buildSettings = {
				ALWAYS_EMBED_SWIFT_STANDARD_LIBRARIES = YES;
				CODE_SIGN_STYLE = Automatic;
				CURRENT_PROJECT_VERSION = 1;
				DEVELOPMENT_TEAM = 3267Z52VP5;
				GENERATE_INFOPLIST_FILE = YES;
				LD_RUNPATH_SEARCH_PATHS = (
					"$(inherited)",
					"@executable_path/Frameworks",
					"@loader_path/Frameworks",
				);
				MARKETING_VERSION = 1.0;
				PRODUCT_BUNDLE_IDENTIFIER = com.viettel.VOfficeiPhoneNewUITests;
				PRODUCT_NAME = "$(TARGET_NAME)";
				SWIFT_EMIT_LOC_STRINGS = NO;
				SWIFT_VERSION = 5.0;
				TARGETED_DEVICE_FAMILY = "1,2";
				TEST_TARGET_NAME = VOfficeiPhoneNew;
			};
			name = Debug;
		};
		2ED08CCD273E064C009B4068 /* Release */ = {
			isa = XCBuildConfiguration;
			buildSettings = {
				ALWAYS_EMBED_SWIFT_STANDARD_LIBRARIES = YES;
				CODE_SIGN_STYLE = Automatic;
				CURRENT_PROJECT_VERSION = 1;
				DEVELOPMENT_TEAM = 3267Z52VP5;
				GENERATE_INFOPLIST_FILE = YES;
				LD_RUNPATH_SEARCH_PATHS = (
					"$(inherited)",
					"@executable_path/Frameworks",
					"@loader_path/Frameworks",
				);
				MARKETING_VERSION = 1.0;
				PRODUCT_BUNDLE_IDENTIFIER = com.viettel.VOfficeiPhoneNewUITests;
				PRODUCT_NAME = "$(TARGET_NAME)";
				SWIFT_EMIT_LOC_STRINGS = NO;
				SWIFT_VERSION = 5.0;
				TARGETED_DEVICE_FAMILY = "1,2";
				TEST_TARGET_NAME = VOfficeiPhoneNew;
			};
			name = Release;
		};
		2EFA86CC2745058D000B1569 /* Beta */ = {
			isa = XCBuildConfiguration;
			buildSettings = {
				ALWAYS_SEARCH_USER_PATHS = NO;
				CLANG_ANALYZER_LOCALIZABILITY_NONLOCALIZED = YES;
				CLANG_ANALYZER_NONNULL = YES;
				CLANG_ANALYZER_NUMBER_OBJECT_CONVERSION = YES_AGGRESSIVE;
				CLANG_CXX_LANGUAGE_STANDARD = "gnu++17";
				CLANG_CXX_LIBRARY = "libc++";
				CLANG_ENABLE_MODULES = YES;
				CLANG_ENABLE_OBJC_ARC = YES;
				CLANG_ENABLE_OBJC_WEAK = YES;
				CLANG_WARN_BLOCK_CAPTURE_AUTORELEASING = YES;
				CLANG_WARN_BOOL_CONVERSION = YES;
				CLANG_WARN_COMMA = YES;
				CLANG_WARN_CONSTANT_CONVERSION = YES;
				CLANG_WARN_DEPRECATED_OBJC_IMPLEMENTATIONS = YES;
				CLANG_WARN_DIRECT_OBJC_ISA_USAGE = YES_ERROR;
				CLANG_WARN_DOCUMENTATION_COMMENTS = YES;
				CLANG_WARN_EMPTY_BODY = YES;
				CLANG_WARN_ENUM_CONVERSION = YES;
				CLANG_WARN_INFINITE_RECURSION = YES;
				CLANG_WARN_INT_CONVERSION = YES;
				CLANG_WARN_NON_LITERAL_NULL_CONVERSION = YES;
				CLANG_WARN_OBJC_IMPLICIT_RETAIN_SELF = YES;
				CLANG_WARN_OBJC_LITERAL_CONVERSION = YES;
				CLANG_WARN_OBJC_ROOT_CLASS = YES_ERROR;
				CLANG_WARN_QUOTED_INCLUDE_IN_FRAMEWORK_HEADER = YES;
				CLANG_WARN_RANGE_LOOP_ANALYSIS = YES;
				CLANG_WARN_STRICT_PROTOTYPES = YES;
				CLANG_WARN_SUSPICIOUS_MOVE = YES;
				CLANG_WARN_UNGUARDED_AVAILABILITY = YES_AGGRESSIVE;
				CLANG_WARN_UNREACHABLE_CODE = YES;
				CLANG_WARN__DUPLICATE_METHOD_MATCH = YES;
				COPY_PHASE_STRIP = NO;
				DEBUG_INFORMATION_FORMAT = dwarf;
				ENABLE_STRICT_OBJC_MSGSEND = YES;
				ENABLE_TESTABILITY = YES;
				GCC_C_LANGUAGE_STANDARD = gnu11;
				GCC_DYNAMIC_NO_PIC = NO;
				GCC_NO_COMMON_BLOCKS = YES;
				GCC_OPTIMIZATION_LEVEL = 0;
				GCC_PREPROCESSOR_DEFINITIONS = (
					"DEBUG=1",
					"$(inherited)",
				);
				GCC_WARN_64_TO_32_BIT_CONVERSION = YES;
				GCC_WARN_ABOUT_RETURN_TYPE = YES_ERROR;
				GCC_WARN_UNDECLARED_SELECTOR = YES;
				GCC_WARN_UNINITIALIZED_AUTOS = YES_AGGRESSIVE;
				GCC_WARN_UNUSED_FUNCTION = YES;
				GCC_WARN_UNUSED_VARIABLE = YES;
				IPHONEOS_DEPLOYMENT_TARGET = 15.0;
				MTL_ENABLE_DEBUG_INFO = INCLUDE_SOURCE;
				MTL_FAST_MATH = YES;
				ONLY_ACTIVE_ARCH = YES;
				SDKROOT = iphoneos;
				SWIFT_ACTIVE_COMPILATION_CONDITIONS = DEBUG;
				SWIFT_OPTIMIZATION_LEVEL = "-Onone";
			};
			name = Beta;
		};
		2EFA86CD2745058D000B1569 /* Beta */ = {
			isa = XCBuildConfiguration;
			baseConfigurationReference = CC9CD2053379729AC84A285C /* Pods-VOfficeiPhoneNew.beta.xcconfig */;
			buildSettings = {
				ASSETCATALOG_COMPILER_APPICON_NAME = AppIcon;
				ASSETCATALOG_COMPILER_GLOBAL_ACCENT_COLOR_NAME = AccentColor;
				CODE_SIGN_STYLE = Automatic;
				CURRENT_PROJECT_VERSION = 1;
				DEVELOPMENT_TEAM = 3267Z52VP5;
				FRAMEWORK_SEARCH_PATHS = (
					"$(inherited)",
					"$(PROJECT_DIR)",
				);
				GENERATE_INFOPLIST_FILE = YES;
				INFOPLIST_KEY_UIApplicationSupportsIndirectInputEvents = YES;
				INFOPLIST_KEY_UILaunchStoryboardName = LaunchScreen;
				INFOPLIST_KEY_UISupportedInterfaceOrientations_iPad = "UIInterfaceOrientationPortrait UIInterfaceOrientationPortraitUpsideDown UIInterfaceOrientationLandscapeLeft UIInterfaceOrientationLandscapeRight";
				INFOPLIST_KEY_UISupportedInterfaceOrientations_iPhone = "UIInterfaceOrientationPortrait UIInterfaceOrientationLandscapeLeft UIInterfaceOrientationLandscapeRight";
				IPHONEOS_DEPLOYMENT_TARGET = 13.0;
				LD_RUNPATH_SEARCH_PATHS = (
					"$(inherited)",
					"@executable_path/Frameworks",
				);
				MARKETING_VERSION = 1.0;
				PRODUCT_BUNDLE_IDENTIFIER = com.viettel.VOfficeiPhoneNew;
				PRODUCT_NAME = "$(TARGET_NAME)";
				SWIFT_EMIT_LOC_STRINGS = YES;
				SWIFT_VERSION = 5.0;
				TARGETED_DEVICE_FAMILY = 1;
				VALIDATE_WORKSPACE = YES;
			};
			name = Beta;
		};
		2EFA86CE2745058D000B1569 /* Beta */ = {
			isa = XCBuildConfiguration;
			baseConfigurationReference = 5E2D46474ACEA13FCF88112B /* Pods-VOfficeiPhoneNewTests.beta.xcconfig */;
			buildSettings = {
				ALWAYS_EMBED_SWIFT_STANDARD_LIBRARIES = YES;
				BUNDLE_LOADER = "$(TEST_HOST)";
				CODE_SIGN_STYLE = Automatic;
				CURRENT_PROJECT_VERSION = 1;
				DEVELOPMENT_TEAM = 3267Z52VP5;
				GENERATE_INFOPLIST_FILE = YES;
				IPHONEOS_DEPLOYMENT_TARGET = 15.0;
				LD_RUNPATH_SEARCH_PATHS = (
					"$(inherited)",
					"@executable_path/Frameworks",
					"@loader_path/Frameworks",
				);
				MARKETING_VERSION = 1.0;
				PRODUCT_BUNDLE_IDENTIFIER = com.viettel.VOfficeiPhoneNewTests;
				PRODUCT_NAME = "$(TARGET_NAME)";
				SWIFT_EMIT_LOC_STRINGS = NO;
				SWIFT_VERSION = 5.0;
				TARGETED_DEVICE_FAMILY = "1,2";
				TEST_HOST = "$(BUILT_PRODUCTS_DIR)/VOfficeiPhoneNew.app/VOfficeiPhoneNew";
			};
			name = Beta;
		};
		2EFA86CF2745058D000B1569 /* Beta */ = {
			isa = XCBuildConfiguration;
			buildSettings = {
				ALWAYS_EMBED_SWIFT_STANDARD_LIBRARIES = YES;
				CODE_SIGN_STYLE = Automatic;
				CURRENT_PROJECT_VERSION = 1;
				DEVELOPMENT_TEAM = 3267Z52VP5;
				GENERATE_INFOPLIST_FILE = YES;
				LD_RUNPATH_SEARCH_PATHS = (
					"$(inherited)",
					"@executable_path/Frameworks",
					"@loader_path/Frameworks",
				);
				MARKETING_VERSION = 1.0;
				PRODUCT_BUNDLE_IDENTIFIER = com.viettel.VOfficeiPhoneNewUITests;
				PRODUCT_NAME = "$(TARGET_NAME)";
				SWIFT_EMIT_LOC_STRINGS = NO;
				SWIFT_VERSION = 5.0;
				TARGETED_DEVICE_FAMILY = "1,2";
				TEST_TARGET_NAME = VOfficeiPhoneNew;
			};
			name = Beta;
		};
/* End XCBuildConfiguration section */

/* Begin XCConfigurationList section */
		2ED08C5F273E0648009B4068 /* Build configuration list for PBXProject "VOfficeiPhoneNew" */ = {
			isa = XCConfigurationList;
			buildConfigurations = (
				2ED08CC3273E064C009B4068 /* Debug */,
				2EFA86CC2745058D000B1569 /* Beta */,
				2ED08CC4273E064C009B4068 /* Release */,
			);
			defaultConfigurationIsVisible = 0;
			defaultConfigurationName = Release;
		};
		2ED08CC5273E064C009B4068 /* Build configuration list for PBXNativeTarget "VOfficeiPhoneNew" */ = {
			isa = XCConfigurationList;
			buildConfigurations = (
				2ED08CC6273E064C009B4068 /* Debug */,
				2EFA86CD2745058D000B1569 /* Beta */,
				2ED08CC7273E064C009B4068 /* Release */,
			);
			defaultConfigurationIsVisible = 0;
			defaultConfigurationName = Release;
		};
		2ED08CC8273E064C009B4068 /* Build configuration list for PBXNativeTarget "VOfficeiPhoneNewTests" */ = {
			isa = XCConfigurationList;
			buildConfigurations = (
				2ED08CC9273E064C009B4068 /* Debug */,
				2EFA86CE2745058D000B1569 /* Beta */,
				2ED08CCA273E064C009B4068 /* Release */,
			);
			defaultConfigurationIsVisible = 0;
			defaultConfigurationName = Release;
		};
		2ED08CCB273E064C009B4068 /* Build configuration list for PBXNativeTarget "VOfficeiPhoneNewUITests" */ = {
			isa = XCConfigurationList;
			buildConfigurations = (
				2ED08CCC273E064C009B4068 /* Debug */,
				2EFA86CF2745058D000B1569 /* Beta */,
				2ED08CCD273E064C009B4068 /* Release */,
			);
			defaultConfigurationIsVisible = 0;
			defaultConfigurationName = Release;
		};
/* End XCConfigurationList section */
	};
	rootObject = 2ED08C5C273E0648009B4068 /* Project object */;
}
